// !$*UTF8*$!
{
	archiveVersion = 1;
	classes = {
	};
	objectVersion = 46;
	objects = {

/* Begin PBXBuildFile section */
		020E06D2134EAD060076B4BA /* SettingsSiteViewController.xib in Resources */ = {isa = PBXBuildFile; fileRef = 020E06D1134EAD060076B4BA /* SettingsSiteViewController.xib */; };
		023AF82D137A2CF600BCDEEF /* ParticipantViewController.m in Sources */ = {isa = PBXBuildFile; fileRef = 023AF82B137A2CF500BCDEEF /* ParticipantViewController.m */; };
		023AF82E137A2CF600BCDEEF /* ParticipantViewController.xib in Resources */ = {isa = PBXBuildFile; fileRef = 023AF82C137A2CF500BCDEEF /* ParticipantViewController.xib */; };
		023AF832137A817A00BCDEEF /* HashValue.m in Sources */ = {isa = PBXBuildFile; fileRef = 023AF831137A817A00BCDEEF /* HashValue.m */; };
		0246A6851336FA11007BD281 /* SettingsSiteViewController.m in Sources */ = {isa = PBXBuildFile; fileRef = 0246A6841336FA10007BD281 /* SettingsSiteViewController.m */; };
		0246A69613370B8B007BD281 /* Localizable.strings in Resources */ = {isa = PBXBuildFile; fileRef = 0246A69413370B8B007BD281 /* Localizable.strings */; };
		02618A121331A581008D3037 /* UIKit.framework in Frameworks */ = {isa = PBXBuildFile; fileRef = 02618A111331A581008D3037 /* UIKit.framework */; };
		02618A141331A581008D3037 /* Foundation.framework in Frameworks */ = {isa = PBXBuildFile; fileRef = 02618A131331A581008D3037 /* Foundation.framework */; };
		02618A161331A581008D3037 /* CoreGraphics.framework in Frameworks */ = {isa = PBXBuildFile; fileRef = 02618A151331A581008D3037 /* CoreGraphics.framework */; };
		02618A181331A581008D3037 /* CoreData.framework in Frameworks */ = {isa = PBXBuildFile; fileRef = 02618A171331A581008D3037 /* CoreData.framework */; };
		02618A1E1331A581008D3037 /* InfoPlist.strings in Resources */ = {isa = PBXBuildFile; fileRef = 02618A1C1331A581008D3037 /* InfoPlist.strings */; };
		02618A211331A581008D3037 /* main.m in Sources */ = {isa = PBXBuildFile; fileRef = 02618A201331A581008D3037 /* main.m */; };
		02618A241331A581008D3037 /* AppDelegate.m in Sources */ = {isa = PBXBuildFile; fileRef = 02618A231331A581008D3037 /* AppDelegate.m */; };
		02618A271331A582008D3037 /* Moodle.xcdatamodeld in Sources */ = {isa = PBXBuildFile; fileRef = 02618A251331A582008D3037 /* Moodle.xcdatamodeld */; };
		02618A2D1331A582008D3037 /* RootViewController.m in Sources */ = {isa = PBXBuildFile; fileRef = 02618A2C1331A582008D3037 /* RootViewController.m */; };
		02618A371331A582008D3037 /* UIKit.framework in Frameworks */ = {isa = PBXBuildFile; fileRef = 02618A111331A581008D3037 /* UIKit.framework */; };
		02618A381331A582008D3037 /* Foundation.framework in Frameworks */ = {isa = PBXBuildFile; fileRef = 02618A131331A581008D3037 /* Foundation.framework */; };
		02618A391331A582008D3037 /* CoreGraphics.framework in Frameworks */ = {isa = PBXBuildFile; fileRef = 02618A151331A581008D3037 /* CoreGraphics.framework */; };
		02618A3A1331A582008D3037 /* CoreData.framework in Frameworks */ = {isa = PBXBuildFile; fileRef = 02618A171331A581008D3037 /* CoreData.framework */; };
		02618A421331A582008D3037 /* InfoPlist.strings in Resources */ = {isa = PBXBuildFile; fileRef = 02618A401331A582008D3037 /* InfoPlist.strings */; };
		02618A451331A582008D3037 /* MoodleTests.h in Resources */ = {isa = PBXBuildFile; fileRef = 02618A441331A582008D3037 /* MoodleTests.h */; };
		02618A471331A582008D3037 /* MoodleTests.m in Sources */ = {isa = PBXBuildFile; fileRef = 02618A461331A582008D3037 /* MoodleTests.m */; };
		3201088596B4756681693705 /* libThree20UICommon.a in Frameworks */ = {isa = PBXBuildFile; fileRef = 3201088596B4756681693704 /* libThree20UICommon.a */; };
		320A2827FEC940B25BC42C65 /* libThree20Core.a in Frameworks */ = {isa = PBXBuildFile; fileRef = 320A2827FEC940B25BC42C64 /* libThree20Core.a */; };
		320A5A189C235877202780D5 /* libThree20Network.a in Frameworks */ = {isa = PBXBuildFile; fileRef = 320A5A189C235877202780D4 /* libThree20Network.a */; };
		320A737074758E53BA54BE95 /* libThree20UINavigator.a in Frameworks */ = {isa = PBXBuildFile; fileRef = 320A737074758E53BA54BE94 /* libThree20UINavigator.a */; };
		320AF8492C47A4D819F7C451 /* QuartzCore.framework in Frameworks */ = {isa = PBXBuildFile; fileRef = 320AF8492C47A4D819F7C450 /* QuartzCore.framework */; };
		320B6C86F11D9990244A9731 /* Three20.bundle in Resources */ = {isa = PBXBuildFile; fileRef = 320B6C86F11D9990244A9730 /* Three20.bundle */; };
		320CC833B8AF0ACFD35E6225 /* libThree20Style.a in Frameworks */ = {isa = PBXBuildFile; fileRef = 320CC833B8AF0ACFD35E6224 /* libThree20Style.a */; };
		320D7DCCE32703ACAB9A45E5 /* libThree20.a in Frameworks */ = {isa = PBXBuildFile; fileRef = 320D7DCCE32703ACAB9A45E4 /* libThree20.a */; };
		320F2C48872C2E2C4DF86205 /* libThree20UI.a in Frameworks */ = {isa = PBXBuildFile; fileRef = 320F2C48872C2E2C4DF86204 /* libThree20UI.a */; };
		B5031AD3138007AB005BB407 /* MBProgressHUD.m in Sources */ = {isa = PBXBuildFile; fileRef = B5031AD2138007AB005BB407 /* MBProgressHUD.m */; };
		B5069EEB138116E800EABC26 /* AVFoundation.framework in Frameworks */ = {isa = PBXBuildFile; fileRef = B5069EEA138116E800EABC26 /* AVFoundation.framework */; };
		B51EC3DA1394BBA40048C866 /* ASIAuthenticationDialog.m in Sources */ = {isa = PBXBuildFile; fileRef = B51EC3C71394BBA40048C866 /* ASIAuthenticationDialog.m */; };
		B51EC3DB1394BBA40048C866 /* ASIDataCompressor.m in Sources */ = {isa = PBXBuildFile; fileRef = B51EC3CA1394BBA40048C866 /* ASIDataCompressor.m */; };
		B51EC3DC1394BBA40048C866 /* ASIDataDecompressor.m in Sources */ = {isa = PBXBuildFile; fileRef = B51EC3CC1394BBA40048C866 /* ASIDataDecompressor.m */; };
		B51EC3DD1394BBA40048C866 /* ASIDownloadCache.m in Sources */ = {isa = PBXBuildFile; fileRef = B51EC3CE1394BBA40048C866 /* ASIDownloadCache.m */; };
		B51EC3DE1394BBA40048C866 /* ASIFormDataRequest.m in Sources */ = {isa = PBXBuildFile; fileRef = B51EC3D01394BBA40048C866 /* ASIFormDataRequest.m */; };
		B51EC3DF1394BBA40048C866 /* ASIHTTPRequest.m in Sources */ = {isa = PBXBuildFile; fileRef = B51EC3D21394BBA40048C866 /* ASIHTTPRequest.m */; };
		B51EC3E01394BBA40048C866 /* ASIInputStream.m in Sources */ = {isa = PBXBuildFile; fileRef = B51EC3D61394BBA40048C866 /* ASIInputStream.m */; };
		B51EC3E11394BBA40048C866 /* ASINetworkQueue.m in Sources */ = {isa = PBXBuildFile; fileRef = B51EC3D81394BBA40048C866 /* ASINetworkQueue.m */; };
		B51EC3E41394BBD30048C866 /* Reachability.m in Sources */ = {isa = PBXBuildFile; fileRef = B51EC3E31394BBD30048C866 /* Reachability.m */; };
		B52DE3D51380FA9F004F3692 /* PreviewViewController.m in Sources */ = {isa = PBXBuildFile; fileRef = B52DE3D31380FA9F004F3692 /* PreviewViewController.m */; };
		B52DE3D61380FA9F004F3692 /* PreviewViewController.xib in Resources */ = {isa = PBXBuildFile; fileRef = B52DE3D41380FA9F004F3692 /* PreviewViewController.xib */; };
		B53FAB401398B566008206EA /* Complete.png in Resources */ = {isa = PBXBuildFile; fileRef = B53FAB3F1398B566008206EA /* Complete.png */; };
		B53FAB421398B921008206EA /* microphone.jpg in Resources */ = {isa = PBXBuildFile; fileRef = B53FAB411398B921008206EA /* microphone.jpg */; };
		B53FAB5C1398C06B008206EA /* MoodleJob.m in Sources */ = {isa = PBXBuildFile; fileRef = B53FAB5B1398C06B008206EA /* MoodleJob.m */; };
		B54EFAA1133C7CB500CE8F87 /* WSClient.m in Sources */ = {isa = PBXBuildFile; fileRef = B54EFAA0133C7CB500CE8F87 /* WSClient.m */; };
		B54F75BE1393672300C95039 /* CDataScanner.m in Sources */ = {isa = PBXBuildFile; fileRef = B54F75B01393672300C95039 /* CDataScanner.m */; };
		B54F75BF1393672300C95039 /* CDataScanner_Extensions.m in Sources */ = {isa = PBXBuildFile; fileRef = B54F75B31393672300C95039 /* CDataScanner_Extensions.m */; };
		B54F75C01393672300C95039 /* NSDictionary_JSONExtensions.m in Sources */ = {isa = PBXBuildFile; fileRef = B54F75B51393672300C95039 /* NSDictionary_JSONExtensions.m */; };
		B54F75C11393672300C95039 /* CJSONDeserializer.m in Sources */ = {isa = PBXBuildFile; fileRef = B54F75B81393672300C95039 /* CJSONDeserializer.m */; };
		B54F75C21393672300C95039 /* CJSONScanner.m in Sources */ = {isa = PBXBuildFile; fileRef = B54F75BA1393672300C95039 /* CJSONScanner.m */; };
		B54F75C31393672300C95039 /* CJSONSerializer.m in Sources */ = {isa = PBXBuildFile; fileRef = B54F75BC1393672300C95039 /* CJSONSerializer.m */; };
		B54F75C913937B8000C95039 /* MoodleMedia.m in Sources */ = {isa = PBXBuildFile; fileRef = B54F75C813937B8000C95039 /* MoodleMedia.m */; };
		B5609F3A137F8DC000C59271 /* AudioToolbox.framework in Frameworks */ = {isa = PBXBuildFile; fileRef = B5609F39137F8DC000C59271 /* AudioToolbox.framework */; };
		B56983CC13896648003FECD2 /* WebViewController.m in Sources */ = {isa = PBXBuildFile; fileRef = B56983CB13896648003FECD2 /* WebViewController.m */; };
		B577155F138102DD007582EF /* RecorderViewController.m in Sources */ = {isa = PBXBuildFile; fileRef = B577155D138102DD007582EF /* RecorderViewController.m */; };
		B5771560138102DD007582EF /* RecorderViewController.xib in Resources */ = {isa = PBXBuildFile; fileRef = B577155E138102DD007582EF /* RecorderViewController.xib */; };
		B57CD153133C785D00CCB81A /* libz.1.2.3.dylib in Frameworks */ = {isa = PBXBuildFile; fileRef = B57CD152133C785D00CCB81A /* libz.1.2.3.dylib */; };
		B57CD156133C787F00CCB81A /* CFNetwork.framework in Frameworks */ = {isa = PBXBuildFile; fileRef = B57CD155133C787F00CCB81A /* CFNetwork.framework */; };
		B57CD158133C788900CCB81A /* MobileCoreServices.framework in Frameworks */ = {isa = PBXBuildFile; fileRef = B57CD157133C788900CCB81A /* MobileCoreServices.framework */; };
		B57CD15A133C78BE00CCB81A /* SystemConfiguration.framework in Frameworks */ = {isa = PBXBuildFile; fileRef = B57CD159133C78BE00CCB81A /* SystemConfiguration.framework */; };
		B5A6C65C1389792A007B46F0 /* MoodleStyleSheet.m in Sources */ = {isa = PBXBuildFile; fileRef = B5A6C65B1389792A007B46F0 /* MoodleStyleSheet.m */; };
		B5B0EAEF1383ACFE000A9330 /* Attendance.png in Resources */ = {isa = PBXBuildFile; fileRef = B5B0EAE51383ACFE000A9330 /* Attendance.png */; };
		B5B0EAF01383ACFE000A9330 /* Calendar.png in Resources */ = {isa = PBXBuildFile; fileRef = B5B0EAE61383ACFE000A9330 /* Calendar.png */; };
		B5B0EAF11383ACFE000A9330 /* Resources.png in Resources */ = {isa = PBXBuildFile; fileRef = B5B0EAE71383ACFE000A9330 /* Resources.png */; };
		B5B0EAF21383ACFE000A9330 /* Message.png in Resources */ = {isa = PBXBuildFile; fileRef = B5B0EAE81383ACFE000A9330 /* Message.png */; };
		B5B0EAF31383ACFE000A9330 /* moodle.png in Resources */ = {isa = PBXBuildFile; fileRef = B5B0EAE91383ACFE000A9330 /* moodle.png */; };
		B5B0EAF41383ACFE000A9330 /* MoodleHelp.png in Resources */ = {isa = PBXBuildFile; fileRef = B5B0EAEA1383ACFE000A9330 /* MoodleHelp.png */; };
		B5B0EAF51383ACFE000A9330 /* Participants.png in Resources */ = {isa = PBXBuildFile; fileRef = B5B0EAEB1383ACFE000A9330 /* Participants.png */; };
		B5B0EAF61383ACFE000A9330 /* Poll.png in Resources */ = {isa = PBXBuildFile; fileRef = B5B0EAEC1383ACFE000A9330 /* Poll.png */; };
		B5B0EAF71383ACFE000A9330 /* ToolGuide.png in Resources */ = {isa = PBXBuildFile; fileRef = B5B0EAED1383ACFE000A9330 /* ToolGuide.png */; };
		B5B0EAF81383ACFE000A9330 /* Upload.png in Resources */ = {isa = PBXBuildFile; fileRef = B5B0EAEE1383ACFE000A9330 /* Upload.png */; };
		B5B0EAFD1383AD7E000A9330 /* button_red.png in Resources */ = {isa = PBXBuildFile; fileRef = B5B0EAF91383AD7D000A9330 /* button_red.png */; };
		B5B0EAFE1383AD7E000A9330 /* checkmark.png in Resources */ = {isa = PBXBuildFile; fileRef = B5B0EAFA1383AD7D000A9330 /* checkmark.png */; };
		B5B0EAFF1383AD7E000A9330 /* redbutton.png in Resources */ = {isa = PBXBuildFile; fileRef = B5B0EAFB1383AD7E000A9330 /* redbutton.png */; };
		B5B0EB031383ADBB000A9330 /* icon.png in Resources */ = {isa = PBXBuildFile; fileRef = B5B0EB011383ADBB000A9330 /* icon.png */; };
		B5B0EB041383ADBB000A9330 /* iconhd.png in Resources */ = {isa = PBXBuildFile; fileRef = B5B0EB021383ADBB000A9330 /* iconhd.png */; };
		B5B0EB171383AEB6000A9330 /* CTidy.m in Sources */ = {isa = PBXBuildFile; fileRef = B5B0EB061383AEB6000A9330 /* CTidy.m */; };
		B5B0EB181383AEB6000A9330 /* NSDataAdditions.m in Sources */ = {isa = PBXBuildFile; fileRef = B5B0EB081383AEB6000A9330 /* NSDataAdditions.m */; };
		B5B0EB191383AEB6000A9330 /* NSString+XMLExtensions.m in Sources */ = {isa = PBXBuildFile; fileRef = B5B0EB0A1383AEB6000A9330 /* NSString+XMLExtensions.m */; };
		B5B0EB1A1383AEB6000A9330 /* XMLRPCDecoder.m in Sources */ = {isa = PBXBuildFile; fileRef = B5B0EB0C1383AEB6000A9330 /* XMLRPCDecoder.m */; };
		B5B0EB1B1383AEB6000A9330 /* XMLRPCEncoder.m in Sources */ = {isa = PBXBuildFile; fileRef = B5B0EB0E1383AEB6000A9330 /* XMLRPCEncoder.m */; };
		B5B0EB1C1383AEB6000A9330 /* XMLRPCExtensions.m in Sources */ = {isa = PBXBuildFile; fileRef = B5B0EB101383AEB6000A9330 /* XMLRPCExtensions.m */; };
		B5B0EB1D1383AEB6000A9330 /* XMLRPCRequest.m in Sources */ = {isa = PBXBuildFile; fileRef = B5B0EB121383AEB6000A9330 /* XMLRPCRequest.m */; };
		B5B0EB1E1383AEB6000A9330 /* XMLRPCResponse.m in Sources */ = {isa = PBXBuildFile; fileRef = B5B0EB141383AEB6000A9330 /* XMLRPCResponse.m */; };
		B5B0EB1F1383AEB6000A9330 /* XMLValueDecoder.m in Sources */ = {isa = PBXBuildFile; fileRef = B5B0EB161383AEB6000A9330 /* XMLValueDecoder.m */; };
		B5C3C786138975310004783D /* sync.gif in Resources */ = {isa = PBXBuildFile; fileRef = B5C3C785138975310004783D /* sync.gif */; };
		B5D4EFFF13726FF000FD121F /* UploadViewController.m in Sources */ = {isa = PBXBuildFile; fileRef = B5D4EFFE13726FF000FD121F /* UploadViewController.m */; };
		B5DABB22138E2BF6004AE472 /* CoursesViewController.m in Sources */ = {isa = PBXBuildFile; fileRef = B5DABB1D138E2BF6004AE472 /* CoursesViewController.m */; };
		B5DABB23138E2BF6004AE472 /* SitesViewController.m in Sources */ = {isa = PBXBuildFile; fileRef = B5DABB1F138E2BF6004AE472 /* SitesViewController.m */; };
		B5DABB24138E2BF6004AE472 /* SyncViewController.m in Sources */ = {isa = PBXBuildFile; fileRef = B5DABB21138E2BF6004AE472 /* SyncViewController.m */; };
		B5DABB28138E2C2A004AE472 /* MoodleSite.m in Sources */ = {isa = PBXBuildFile; fileRef = B5DABB27138E2C2A004AE472 /* MoodleSite.m */; };
		B5DABB2B138E2C30004AE472 /* Participant.m in Sources */ = {isa = PBXBuildFile; fileRef = B5DABB2A138E2C30004AE472 /* Participant.m */; };
		B5DABB39138E57CF004AE472 /* MoodleImagePickerController.m in Sources */ = {isa = PBXBuildFile; fileRef = B5DABB38138E57CE004AE472 /* MoodleImagePickerController.m */; };
		B5E047F6137280FA00314B60 /* ParticipantListViewController.m in Sources */ = {isa = PBXBuildFile; fileRef = B5E047F5137280FA00314B60 /* ParticipantListViewController.m */; };
/* End PBXBuildFile section */

/* Begin PBXContainerItemProxy section */
		02618A3B1331A582008D3037 /* PBXContainerItemProxy */ = {
			isa = PBXContainerItemProxy;
			containerPortal = 02618A041331A581008D3037 /* Project object */;
			proxyType = 1;
			remoteGlobalIDString = 02618A0C1331A581008D3037;
			remoteInfo = Moodle;
		};
		3201088596B4756681693702 /* PBXContainerItemProxy */ = {
			isa = PBXContainerItemProxy;
			containerPortal = 3201088596B4756681693700 /* Three20UICommon.xcodeproj */;
			proxyType = 1;
			remoteGlobalIDString = BEF31F390F352DF5000DE5D2;
			remoteInfo = Three20UICommon;
		};
		3201088596B4756681693706 /* PBXContainerItemProxy */ = {
			isa = PBXContainerItemProxy;
			containerPortal = 3201088596B4756681693700 /* Three20UICommon.xcodeproj */;
			proxyType = 2;
			remoteGlobalIDString = BEF31F3A0F352DF5000DE5D2;
			remoteInfo = Three20UICommon;
		};
		320A2827FEC940B25BC42C62 /* PBXContainerItemProxy */ = {
			isa = PBXContainerItemProxy;
			containerPortal = 320A2827FEC940B25BC42C60 /* Three20Core.xcodeproj */;
			proxyType = 1;
			remoteGlobalIDString = BEF31F390F352DF5000DE5D2;
			remoteInfo = Three20Core;
		};
		320A2827FEC940B25BC42C66 /* PBXContainerItemProxy */ = {
			isa = PBXContainerItemProxy;
			containerPortal = 320A2827FEC940B25BC42C60 /* Three20Core.xcodeproj */;
			proxyType = 2;
			remoteGlobalIDString = BEF31F3A0F352DF5000DE5D2;
			remoteInfo = Three20Core;
		};
		320A5A189C235877202780D2 /* PBXContainerItemProxy */ = {
			isa = PBXContainerItemProxy;
			containerPortal = 320A5A189C235877202780D0 /* Three20Network.xcodeproj */;
			proxyType = 1;
			remoteGlobalIDString = BEF31F390F352DF5000DE5D2;
			remoteInfo = Three20Network;
		};
		320A5A189C235877202780D6 /* PBXContainerItemProxy */ = {
			isa = PBXContainerItemProxy;
			containerPortal = 320A5A189C235877202780D0 /* Three20Network.xcodeproj */;
			proxyType = 2;
			remoteGlobalIDString = BEF31F3A0F352DF5000DE5D2;
			remoteInfo = Three20Network;
		};
		320A737074758E53BA54BE92 /* PBXContainerItemProxy */ = {
			isa = PBXContainerItemProxy;
			containerPortal = 320A737074758E53BA54BE90 /* Three20UINavigator.xcodeproj */;
			proxyType = 1;
			remoteGlobalIDString = BEF31F390F352DF5000DE5D2;
			remoteInfo = Three20UINavigator;
		};
		320A737074758E53BA54BE96 /* PBXContainerItemProxy */ = {
			isa = PBXContainerItemProxy;
			containerPortal = 320A737074758E53BA54BE90 /* Three20UINavigator.xcodeproj */;
			proxyType = 2;
			remoteGlobalIDString = BEF31F3A0F352DF5000DE5D2;
			remoteInfo = Three20UINavigator;
		};
		320CC833B8AF0ACFD35E6222 /* PBXContainerItemProxy */ = {
			isa = PBXContainerItemProxy;
			containerPortal = 320CC833B8AF0ACFD35E6220 /* Three20Style.xcodeproj */;
			proxyType = 1;
			remoteGlobalIDString = BEF31F390F352DF5000DE5D2;
			remoteInfo = Three20Style;
		};
		320CC833B8AF0ACFD35E6226 /* PBXContainerItemProxy */ = {
			isa = PBXContainerItemProxy;
			containerPortal = 320CC833B8AF0ACFD35E6220 /* Three20Style.xcodeproj */;
			proxyType = 2;
			remoteGlobalIDString = BEF31F3A0F352DF5000DE5D2;
			remoteInfo = Three20Style;
		};
		320D7DCCE32703ACAB9A45E2 /* PBXContainerItemProxy */ = {
			isa = PBXContainerItemProxy;
			containerPortal = 320D7DCCE32703ACAB9A45E0 /* Three20.xcodeproj */;
			proxyType = 1;
			remoteGlobalIDString = BEF31F390F352DF5000DE5D2;
			remoteInfo = Three20;
		};
		320D7DCCE32703ACAB9A45E6 /* PBXContainerItemProxy */ = {
			isa = PBXContainerItemProxy;
			containerPortal = 320D7DCCE32703ACAB9A45E0 /* Three20.xcodeproj */;
			proxyType = 2;
			remoteGlobalIDString = BEF31F3A0F352DF5000DE5D2;
			remoteInfo = Three20;
		};
		320F2C48872C2E2C4DF86202 /* PBXContainerItemProxy */ = {
			isa = PBXContainerItemProxy;
			containerPortal = 320F2C48872C2E2C4DF86200 /* Three20UI.xcodeproj */;
			proxyType = 1;
			remoteGlobalIDString = BEF31F390F352DF5000DE5D2;
			remoteInfo = Three20UI;
		};
		320F2C48872C2E2C4DF86206 /* PBXContainerItemProxy */ = {
			isa = PBXContainerItemProxy;
			containerPortal = 320F2C48872C2E2C4DF86200 /* Three20UI.xcodeproj */;
			proxyType = 2;
			remoteGlobalIDString = BEF31F3A0F352DF5000DE5D2;
			remoteInfo = Three20UI;
		};
		B5693A97138638BC00BB8D56 /* PBXContainerItemProxy */ = {
			isa = PBXContainerItemProxy;
			containerPortal = 320D7DCCE32703ACAB9A45E0 /* Three20.xcodeproj */;
			proxyType = 2;
			remoteGlobalIDString = EB9E6C6210B6A8F800DE563C;
			remoteInfo = Three20UnitTests;
		};
		B5693A9A138638BC00BB8D56 /* PBXContainerItemProxy */ = {
			isa = PBXContainerItemProxy;
			containerPortal = 320A2827FEC940B25BC42C60 /* Three20Core.xcodeproj */;
			proxyType = 2;
			remoteGlobalIDString = EB9E6C6210B6A8F800DE563C;
			remoteInfo = Three20CoreUnitTests;
		};
		B5693AA0138638BC00BB8D56 /* PBXContainerItemProxy */ = {
			isa = PBXContainerItemProxy;
			containerPortal = 3201088596B4756681693700 /* Three20UICommon.xcodeproj */;
			proxyType = 2;
			remoteGlobalIDString = EB9E6C6210B6A8F800DE563C;
			remoteInfo = Three20UICommonUnitTests;
		};
		B5693AA3138638BC00BB8D56 /* PBXContainerItemProxy */ = {
			isa = PBXContainerItemProxy;
			containerPortal = 320A737074758E53BA54BE90 /* Three20UINavigator.xcodeproj */;
			proxyType = 2;
			remoteGlobalIDString = EB9E6C6210B6A8F800DE563C;
			remoteInfo = Three20UINavigatorUnitTests;
		};
		B5F56B3213863560001D6CE4 /* PBXContainerItemProxy */ = {
			isa = PBXContainerItemProxy;
			containerPortal = 320A5A189C235877202780D0 /* Three20Network.xcodeproj */;
			proxyType = 2;
			remoteGlobalIDString = EB9E6C6210B6A8F800DE563C;
			remoteInfo = Three20NetworkUnitTests;
		};
		B5F56B3513863560001D6CE4 /* PBXContainerItemProxy */ = {
			isa = PBXContainerItemProxy;
			containerPortal = 320CC833B8AF0ACFD35E6220 /* Three20Style.xcodeproj */;
			proxyType = 2;
			remoteGlobalIDString = EB9E6C6210B6A8F800DE563C;
			remoteInfo = Three20StyleUnitTests;
		};
		B5F56B3813863560001D6CE4 /* PBXContainerItemProxy */ = {
			isa = PBXContainerItemProxy;
			containerPortal = 320F2C48872C2E2C4DF86200 /* Three20UI.xcodeproj */;
			proxyType = 2;
			remoteGlobalIDString = EB9E6C6210B6A8F800DE563C;
			remoteInfo = Three20UIUnitTests;
		};
/* End PBXContainerItemProxy section */

/* Begin PBXFileReference section */
		020E06D1134EAD060076B4BA /* SettingsSiteViewController.xib */ = {isa = PBXFileReference; fileEncoding = 4; lastKnownFileType = file.xib; path = SettingsSiteViewController.xib; sourceTree = "<group>"; };
		023AF82A137A2CF400BCDEEF /* ParticipantViewController.h */ = {isa = PBXFileReference; fileEncoding = 4; lastKnownFileType = sourcecode.c.h; path = ParticipantViewController.h; sourceTree = "<group>"; };
		023AF82B137A2CF500BCDEEF /* ParticipantViewController.m */ = {isa = PBXFileReference; fileEncoding = 4; lastKnownFileType = sourcecode.c.objc; path = ParticipantViewController.m; sourceTree = "<group>"; };
		023AF82C137A2CF500BCDEEF /* ParticipantViewController.xib */ = {isa = PBXFileReference; fileEncoding = 4; lastKnownFileType = file.xib; path = ParticipantViewController.xib; sourceTree = "<group>"; };
		023AF830137A817A00BCDEEF /* HashValue.h */ = {isa = PBXFileReference; fileEncoding = 4; lastKnownFileType = sourcecode.c.h; path = HashValue.h; sourceTree = "<group>"; };
		023AF831137A817A00BCDEEF /* HashValue.m */ = {isa = PBXFileReference; fileEncoding = 4; lastKnownFileType = sourcecode.c.objc; path = HashValue.m; sourceTree = "<group>"; };
		0246A6831336FA10007BD281 /* SettingsSiteViewController.h */ = {isa = PBXFileReference; fileEncoding = 4; lastKnownFileType = sourcecode.c.h; path = SettingsSiteViewController.h; sourceTree = "<group>"; };
		0246A6841336FA10007BD281 /* SettingsSiteViewController.m */ = {isa = PBXFileReference; fileEncoding = 4; lastKnownFileType = sourcecode.c.objc; path = SettingsSiteViewController.m; sourceTree = "<group>"; };
		0246A69513370B8B007BD281 /* en */ = {isa = PBXFileReference; lastKnownFileType = text.plist.strings; name = en; path = en.lproj/Localizable.strings; sourceTree = "<group>"; };
		0246A69713370B96007BD281 /* fr */ = {isa = PBXFileReference; lastKnownFileType = text.plist.strings; name = fr; path = fr.lproj/Localizable.strings; sourceTree = "<group>"; };
		02618A0D1331A581008D3037 /* Moodle.app */ = {isa = PBXFileReference; explicitFileType = wrapper.application; includeInIndex = 0; path = Moodle.app; sourceTree = BUILT_PRODUCTS_DIR; };
		02618A111331A581008D3037 /* UIKit.framework */ = {isa = PBXFileReference; lastKnownFileType = wrapper.framework; name = UIKit.framework; path = System/Library/Frameworks/UIKit.framework; sourceTree = SDKROOT; };
		02618A131331A581008D3037 /* Foundation.framework */ = {isa = PBXFileReference; lastKnownFileType = wrapper.framework; name = Foundation.framework; path = System/Library/Frameworks/Foundation.framework; sourceTree = SDKROOT; };
		02618A151331A581008D3037 /* CoreGraphics.framework */ = {isa = PBXFileReference; lastKnownFileType = wrapper.framework; name = CoreGraphics.framework; path = System/Library/Frameworks/CoreGraphics.framework; sourceTree = SDKROOT; };
		02618A171331A581008D3037 /* CoreData.framework */ = {isa = PBXFileReference; lastKnownFileType = wrapper.framework; name = CoreData.framework; path = System/Library/Frameworks/CoreData.framework; sourceTree = SDKROOT; };
		02618A1B1331A581008D3037 /* Moodle-Info.plist */ = {isa = PBXFileReference; lastKnownFileType = text.plist.xml; path = "Moodle-Info.plist"; sourceTree = "<group>"; };
		02618A1D1331A581008D3037 /* en */ = {isa = PBXFileReference; lastKnownFileType = text.plist.strings; name = en; path = en.lproj/InfoPlist.strings; sourceTree = "<group>"; };
		02618A1F1331A581008D3037 /* Moodle-Prefix.pch */ = {isa = PBXFileReference; lastKnownFileType = sourcecode.c.h; path = "Moodle-Prefix.pch"; sourceTree = "<group>"; };
		02618A201331A581008D3037 /* main.m */ = {isa = PBXFileReference; lastKnownFileType = sourcecode.c.objc; path = main.m; sourceTree = "<group>"; };
		02618A221331A581008D3037 /* AppDelegate.h */ = {isa = PBXFileReference; lastKnownFileType = sourcecode.c.h; path = AppDelegate.h; sourceTree = "<group>"; };
		02618A231331A581008D3037 /* AppDelegate.m */ = {isa = PBXFileReference; lastKnownFileType = sourcecode.c.objc; path = AppDelegate.m; sourceTree = "<group>"; };
		02618A261331A582008D3037 /* Moodle.xcdatamodel */ = {isa = PBXFileReference; lastKnownFileType = wrapper.xcdatamodel; path = Moodle.xcdatamodel; sourceTree = "<group>"; };
		02618A2B1331A582008D3037 /* RootViewController.h */ = {isa = PBXFileReference; fileEncoding = 4; lastKnownFileType = sourcecode.c.h; path = RootViewController.h; sourceTree = "<group>"; };
		02618A2C1331A582008D3037 /* RootViewController.m */ = {isa = PBXFileReference; fileEncoding = 4; lastKnownFileType = sourcecode.c.objc; path = RootViewController.m; sourceTree = "<group>"; };
		02618A361331A582008D3037 /* MoodleTests.octest */ = {isa = PBXFileReference; explicitFileType = wrapper.cfbundle; includeInIndex = 0; path = MoodleTests.octest; sourceTree = BUILT_PRODUCTS_DIR; };
		02618A3F1331A582008D3037 /* MoodleTests-Info.plist */ = {isa = PBXFileReference; lastKnownFileType = text.plist.xml; path = "MoodleTests-Info.plist"; sourceTree = "<group>"; };
		02618A411331A582008D3037 /* en */ = {isa = PBXFileReference; lastKnownFileType = text.plist.strings; name = en; path = en.lproj/InfoPlist.strings; sourceTree = "<group>"; };
		02618A431331A582008D3037 /* MoodleTests-Prefix.pch */ = {isa = PBXFileReference; lastKnownFileType = sourcecode.c.h; path = "MoodleTests-Prefix.pch"; sourceTree = "<group>"; };
		02618A441331A582008D3037 /* MoodleTests.h */ = {isa = PBXFileReference; lastKnownFileType = sourcecode.c.h; path = MoodleTests.h; sourceTree = "<group>"; };
		02618A461331A582008D3037 /* MoodleTests.m */ = {isa = PBXFileReference; lastKnownFileType = sourcecode.c.objc; path = MoodleTests.m; sourceTree = "<group>"; };
		3201088596B4756681693700 /* Three20UICommon.xcodeproj */ = {isa = PBXFileReference; lastKnownFileType = "wrapper.pb-project"; name = Three20UICommon.xcodeproj; path = three20/src/Three20UICommon/Three20UICommon.xcodeproj; sourceTree = SOURCE_ROOT; };
		320A2827FEC940B25BC42C60 /* Three20Core.xcodeproj */ = {isa = PBXFileReference; lastKnownFileType = "wrapper.pb-project"; name = Three20Core.xcodeproj; path = three20/src/Three20Core/Three20Core.xcodeproj; sourceTree = SOURCE_ROOT; };
		320A5A189C235877202780D0 /* Three20Network.xcodeproj */ = {isa = PBXFileReference; lastKnownFileType = "wrapper.pb-project"; name = Three20Network.xcodeproj; path = three20/src/Three20Network/Three20Network.xcodeproj; sourceTree = SOURCE_ROOT; };
		320A737074758E53BA54BE90 /* Three20UINavigator.xcodeproj */ = {isa = PBXFileReference; lastKnownFileType = "wrapper.pb-project"; name = Three20UINavigator.xcodeproj; path = three20/src/Three20UINavigator/Three20UINavigator.xcodeproj; sourceTree = SOURCE_ROOT; };
		320AF8492C47A4D819F7C450 /* QuartzCore.framework */ = {isa = PBXFileReference; lastKnownFileType = wrapper.framework; name = QuartzCore.framework; path = System/Library/Frameworks/QuartzCore.framework; sourceTree = SDKROOT; };
		320B6C86F11D9990244A9730 /* Three20.bundle */ = {isa = PBXFileReference; lastKnownFileType = "wrapper.plug-in"; name = Three20.bundle; path = three20/src/Three20.bundle; sourceTree = SOURCE_ROOT; };
		320CC833B8AF0ACFD35E6220 /* Three20Style.xcodeproj */ = {isa = PBXFileReference; lastKnownFileType = "wrapper.pb-project"; name = Three20Style.xcodeproj; path = three20/src/Three20Style/Three20Style.xcodeproj; sourceTree = SOURCE_ROOT; };
		320D7DCCE32703ACAB9A45E0 /* Three20.xcodeproj */ = {isa = PBXFileReference; lastKnownFileType = "wrapper.pb-project"; name = Three20.xcodeproj; path = three20/src/Three20/Three20.xcodeproj; sourceTree = SOURCE_ROOT; };
		320F2C48872C2E2C4DF86200 /* Three20UI.xcodeproj */ = {isa = PBXFileReference; lastKnownFileType = "wrapper.pb-project"; name = Three20UI.xcodeproj; path = three20/src/Three20UI/Three20UI.xcodeproj; sourceTree = SOURCE_ROOT; };
		B5031AD1138007AB005BB407 /* MBProgressHUD.h */ = {isa = PBXFileReference; fileEncoding = 4; lastKnownFileType = sourcecode.c.h; name = MBProgressHUD.h; path = MBProgressHUD/MBProgressHUD.h; sourceTree = SOURCE_ROOT; };
		B5031AD2138007AB005BB407 /* MBProgressHUD.m */ = {isa = PBXFileReference; fileEncoding = 4; lastKnownFileType = sourcecode.c.objc; name = MBProgressHUD.m; path = MBProgressHUD/MBProgressHUD.m; sourceTree = SOURCE_ROOT; };
		B5069EEA138116E800EABC26 /* AVFoundation.framework */ = {isa = PBXFileReference; lastKnownFileType = wrapper.framework; name = AVFoundation.framework; path = System/Library/Frameworks/AVFoundation.framework; sourceTree = SDKROOT; };
		B51EC3C61394BBA40048C866 /* ASIAuthenticationDialog.h */ = {isa = PBXFileReference; fileEncoding = 4; lastKnownFileType = sourcecode.c.h; name = ASIAuthenticationDialog.h; path = "asi-http-request/Classes/ASIAuthenticationDialog.h"; sourceTree = SOURCE_ROOT; };
		B51EC3C71394BBA40048C866 /* ASIAuthenticationDialog.m */ = {isa = PBXFileReference; fileEncoding = 4; lastKnownFileType = sourcecode.c.objc; name = ASIAuthenticationDialog.m; path = "asi-http-request/Classes/ASIAuthenticationDialog.m"; sourceTree = SOURCE_ROOT; };
		B51EC3C81394BBA40048C866 /* ASICacheDelegate.h */ = {isa = PBXFileReference; fileEncoding = 4; lastKnownFileType = sourcecode.c.h; name = ASICacheDelegate.h; path = "asi-http-request/Classes/ASICacheDelegate.h"; sourceTree = SOURCE_ROOT; };
		B51EC3C91394BBA40048C866 /* ASIDataCompressor.h */ = {isa = PBXFileReference; fileEncoding = 4; lastKnownFileType = sourcecode.c.h; name = ASIDataCompressor.h; path = "asi-http-request/Classes/ASIDataCompressor.h"; sourceTree = SOURCE_ROOT; };
		B51EC3CA1394BBA40048C866 /* ASIDataCompressor.m */ = {isa = PBXFileReference; fileEncoding = 4; lastKnownFileType = sourcecode.c.objc; name = ASIDataCompressor.m; path = "asi-http-request/Classes/ASIDataCompressor.m"; sourceTree = SOURCE_ROOT; };
		B51EC3CB1394BBA40048C866 /* ASIDataDecompressor.h */ = {isa = PBXFileReference; fileEncoding = 4; lastKnownFileType = sourcecode.c.h; name = ASIDataDecompressor.h; path = "asi-http-request/Classes/ASIDataDecompressor.h"; sourceTree = SOURCE_ROOT; };
		B51EC3CC1394BBA40048C866 /* ASIDataDecompressor.m */ = {isa = PBXFileReference; fileEncoding = 4; lastKnownFileType = sourcecode.c.objc; name = ASIDataDecompressor.m; path = "asi-http-request/Classes/ASIDataDecompressor.m"; sourceTree = SOURCE_ROOT; };
		B51EC3CD1394BBA40048C866 /* ASIDownloadCache.h */ = {isa = PBXFileReference; fileEncoding = 4; lastKnownFileType = sourcecode.c.h; name = ASIDownloadCache.h; path = "asi-http-request/Classes/ASIDownloadCache.h"; sourceTree = SOURCE_ROOT; };
		B51EC3CE1394BBA40048C866 /* ASIDownloadCache.m */ = {isa = PBXFileReference; fileEncoding = 4; lastKnownFileType = sourcecode.c.objc; name = ASIDownloadCache.m; path = "asi-http-request/Classes/ASIDownloadCache.m"; sourceTree = SOURCE_ROOT; };
		B51EC3CF1394BBA40048C866 /* ASIFormDataRequest.h */ = {isa = PBXFileReference; fileEncoding = 4; lastKnownFileType = sourcecode.c.h; name = ASIFormDataRequest.h; path = "asi-http-request/Classes/ASIFormDataRequest.h"; sourceTree = SOURCE_ROOT; };
		B51EC3D01394BBA40048C866 /* ASIFormDataRequest.m */ = {isa = PBXFileReference; fileEncoding = 4; lastKnownFileType = sourcecode.c.objc; name = ASIFormDataRequest.m; path = "asi-http-request/Classes/ASIFormDataRequest.m"; sourceTree = SOURCE_ROOT; };
		B51EC3D11394BBA40048C866 /* ASIHTTPRequest.h */ = {isa = PBXFileReference; fileEncoding = 4; lastKnownFileType = sourcecode.c.h; name = ASIHTTPRequest.h; path = "asi-http-request/Classes/ASIHTTPRequest.h"; sourceTree = SOURCE_ROOT; };
		B51EC3D21394BBA40048C866 /* ASIHTTPRequest.m */ = {isa = PBXFileReference; fileEncoding = 4; lastKnownFileType = sourcecode.c.objc; name = ASIHTTPRequest.m; path = "asi-http-request/Classes/ASIHTTPRequest.m"; sourceTree = SOURCE_ROOT; };
		B51EC3D31394BBA40048C866 /* ASIHTTPRequestConfig.h */ = {isa = PBXFileReference; fileEncoding = 4; lastKnownFileType = sourcecode.c.h; name = ASIHTTPRequestConfig.h; path = "asi-http-request/Classes/ASIHTTPRequestConfig.h"; sourceTree = SOURCE_ROOT; };
		B51EC3D41394BBA40048C866 /* ASIHTTPRequestDelegate.h */ = {isa = PBXFileReference; fileEncoding = 4; lastKnownFileType = sourcecode.c.h; name = ASIHTTPRequestDelegate.h; path = "asi-http-request/Classes/ASIHTTPRequestDelegate.h"; sourceTree = SOURCE_ROOT; };
		B51EC3D51394BBA40048C866 /* ASIInputStream.h */ = {isa = PBXFileReference; fileEncoding = 4; lastKnownFileType = sourcecode.c.h; name = ASIInputStream.h; path = "asi-http-request/Classes/ASIInputStream.h"; sourceTree = SOURCE_ROOT; };
		B51EC3D61394BBA40048C866 /* ASIInputStream.m */ = {isa = PBXFileReference; fileEncoding = 4; lastKnownFileType = sourcecode.c.objc; name = ASIInputStream.m; path = "asi-http-request/Classes/ASIInputStream.m"; sourceTree = SOURCE_ROOT; };
		B51EC3D71394BBA40048C866 /* ASINetworkQueue.h */ = {isa = PBXFileReference; fileEncoding = 4; lastKnownFileType = sourcecode.c.h; name = ASINetworkQueue.h; path = "asi-http-request/Classes/ASINetworkQueue.h"; sourceTree = SOURCE_ROOT; };
		B51EC3D81394BBA40048C866 /* ASINetworkQueue.m */ = {isa = PBXFileReference; fileEncoding = 4; lastKnownFileType = sourcecode.c.objc; name = ASINetworkQueue.m; path = "asi-http-request/Classes/ASINetworkQueue.m"; sourceTree = SOURCE_ROOT; };
		B51EC3D91394BBA40048C866 /* ASIProgressDelegate.h */ = {isa = PBXFileReference; fileEncoding = 4; lastKnownFileType = sourcecode.c.h; name = ASIProgressDelegate.h; path = "asi-http-request/Classes/ASIProgressDelegate.h"; sourceTree = SOURCE_ROOT; };
		B51EC3E21394BBD30048C866 /* Reachability.h */ = {isa = PBXFileReference; fileEncoding = 4; lastKnownFileType = sourcecode.c.h; name = Reachability.h; path = "asi-http-request/External/Reachability/Reachability.h"; sourceTree = SOURCE_ROOT; };
		B51EC3E31394BBD30048C866 /* Reachability.m */ = {isa = PBXFileReference; fileEncoding = 4; lastKnownFileType = sourcecode.c.objc; name = Reachability.m; path = "asi-http-request/External/Reachability/Reachability.m"; sourceTree = SOURCE_ROOT; };
		B52DE3D21380FA9F004F3692 /* PreviewViewController.h */ = {isa = PBXFileReference; fileEncoding = 4; lastKnownFileType = sourcecode.c.h; name = PreviewViewController.h; path = Moodle.xcodeproj/PreviewViewController.h; sourceTree = SOURCE_ROOT; };
		B52DE3D31380FA9F004F3692 /* PreviewViewController.m */ = {isa = PBXFileReference; fileEncoding = 4; lastKnownFileType = sourcecode.c.objc; name = PreviewViewController.m; path = Moodle.xcodeproj/PreviewViewController.m; sourceTree = SOURCE_ROOT; };
		B52DE3D41380FA9F004F3692 /* PreviewViewController.xib */ = {isa = PBXFileReference; fileEncoding = 4; lastKnownFileType = file.xib; name = PreviewViewController.xib; path = Moodle.xcodeproj/PreviewViewController.xib; sourceTree = SOURCE_ROOT; };
		B53FAB3F1398B566008206EA /* Complete.png */ = {isa = PBXFileReference; lastKnownFileType = image.png; name = Complete.png; path = Images/Complete.png; sourceTree = SOURCE_ROOT; };
		B53FAB411398B921008206EA /* microphone.jpg */ = {isa = PBXFileReference; lastKnownFileType = image.jpeg; name = microphone.jpg; path = Images/microphone.jpg; sourceTree = SOURCE_ROOT; };
		B53FAB5A1398C06B008206EA /* MoodleJob.h */ = {isa = PBXFileReference; fileEncoding = 4; lastKnownFileType = sourcecode.c.h; path = MoodleJob.h; sourceTree = "<group>"; };
		B53FAB5B1398C06B008206EA /* MoodleJob.m */ = {isa = PBXFileReference; fileEncoding = 4; lastKnownFileType = sourcecode.c.objc; path = MoodleJob.m; sourceTree = "<group>"; };
		B54EFA9F133C7CB500CE8F87 /* WSClient.h */ = {isa = PBXFileReference; fileEncoding = 4; lastKnownFileType = sourcecode.c.h; path = WSClient.h; sourceTree = "<group>"; };
		B54EFAA0133C7CB500CE8F87 /* WSClient.m */ = {isa = PBXFileReference; fileEncoding = 4; lastKnownFileType = sourcecode.c.objc; path = WSClient.m; sourceTree = "<group>"; };
		B54F75AF1393672300C95039 /* CDataScanner.h */ = {isa = PBXFileReference; fileEncoding = 4; lastKnownFileType = sourcecode.c.h; name = CDataScanner.h; path = TouchJSON/Source/CDataScanner.h; sourceTree = SOURCE_ROOT; };
		B54F75B01393672300C95039 /* CDataScanner.m */ = {isa = PBXFileReference; fileEncoding = 4; lastKnownFileType = sourcecode.c.objc; name = CDataScanner.m; path = TouchJSON/Source/CDataScanner.m; sourceTree = SOURCE_ROOT; };
		B54F75B21393672300C95039 /* CDataScanner_Extensions.h */ = {isa = PBXFileReference; fileEncoding = 4; lastKnownFileType = sourcecode.c.h; path = CDataScanner_Extensions.h; sourceTree = "<group>"; };
		B54F75B31393672300C95039 /* CDataScanner_Extensions.m */ = {isa = PBXFileReference; fileEncoding = 4; lastKnownFileType = sourcecode.c.objc; path = CDataScanner_Extensions.m; sourceTree = "<group>"; };
		B54F75B41393672300C95039 /* NSDictionary_JSONExtensions.h */ = {isa = PBXFileReference; fileEncoding = 4; lastKnownFileType = sourcecode.c.h; path = NSDictionary_JSONExtensions.h; sourceTree = "<group>"; };
		B54F75B51393672300C95039 /* NSDictionary_JSONExtensions.m */ = {isa = PBXFileReference; fileEncoding = 4; lastKnownFileType = sourcecode.c.objc; path = NSDictionary_JSONExtensions.m; sourceTree = "<group>"; };
		B54F75B71393672300C95039 /* CJSONDeserializer.h */ = {isa = PBXFileReference; fileEncoding = 4; lastKnownFileType = sourcecode.c.h; path = CJSONDeserializer.h; sourceTree = "<group>"; };
		B54F75B81393672300C95039 /* CJSONDeserializer.m */ = {isa = PBXFileReference; fileEncoding = 4; lastKnownFileType = sourcecode.c.objc; path = CJSONDeserializer.m; sourceTree = "<group>"; };
		B54F75B91393672300C95039 /* CJSONScanner.h */ = {isa = PBXFileReference; fileEncoding = 4; lastKnownFileType = sourcecode.c.h; path = CJSONScanner.h; sourceTree = "<group>"; };
		B54F75BA1393672300C95039 /* CJSONScanner.m */ = {isa = PBXFileReference; fileEncoding = 4; lastKnownFileType = sourcecode.c.objc; path = CJSONScanner.m; sourceTree = "<group>"; };
		B54F75BB1393672300C95039 /* CJSONSerializer.h */ = {isa = PBXFileReference; fileEncoding = 4; lastKnownFileType = sourcecode.c.h; path = CJSONSerializer.h; sourceTree = "<group>"; };
		B54F75BC1393672300C95039 /* CJSONSerializer.m */ = {isa = PBXFileReference; fileEncoding = 4; lastKnownFileType = sourcecode.c.objc; path = CJSONSerializer.m; sourceTree = "<group>"; };
		B54F75BD1393672300C95039 /* JSONRepresentation.h */ = {isa = PBXFileReference; fileEncoding = 4; lastKnownFileType = sourcecode.c.h; path = JSONRepresentation.h; sourceTree = "<group>"; };
		B54F75C713937B8000C95039 /* MoodleMedia.h */ = {isa = PBXFileReference; fileEncoding = 4; lastKnownFileType = sourcecode.c.h; path = MoodleMedia.h; sourceTree = "<group>"; };
		B54F75C813937B8000C95039 /* MoodleMedia.m */ = {isa = PBXFileReference; fileEncoding = 4; lastKnownFileType = sourcecode.c.objc; path = MoodleMedia.m; sourceTree = "<group>"; };
		B5609F39137F8DC000C59271 /* AudioToolbox.framework */ = {isa = PBXFileReference; lastKnownFileType = wrapper.framework; name = AudioToolbox.framework; path = System/Library/Frameworks/AudioToolbox.framework; sourceTree = SDKROOT; };
		B56983CA13896647003FECD2 /* WebViewController.h */ = {isa = PBXFileReference; fileEncoding = 4; lastKnownFileType = sourcecode.c.h; path = WebViewController.h; sourceTree = "<group>"; };
		B56983CB13896648003FECD2 /* WebViewController.m */ = {isa = PBXFileReference; fileEncoding = 4; lastKnownFileType = sourcecode.c.objc; path = WebViewController.m; sourceTree = "<group>"; };
		B577155C138102DD007582EF /* RecorderViewController.h */ = {isa = PBXFileReference; fileEncoding = 4; lastKnownFileType = sourcecode.c.h; path = RecorderViewController.h; sourceTree = "<group>"; };
		B577155D138102DD007582EF /* RecorderViewController.m */ = {isa = PBXFileReference; fileEncoding = 4; lastKnownFileType = sourcecode.c.objc; path = RecorderViewController.m; sourceTree = "<group>"; };
		B577155E138102DD007582EF /* RecorderViewController.xib */ = {isa = PBXFileReference; fileEncoding = 4; lastKnownFileType = file.xib; path = RecorderViewController.xib; sourceTree = "<group>"; };
		B57CD152133C785D00CCB81A /* libz.1.2.3.dylib */ = {isa = PBXFileReference; lastKnownFileType = "compiled.mach-o.dylib"; name = libz.1.2.3.dylib; path = usr/lib/libz.1.2.3.dylib; sourceTree = SDKROOT; };
		B57CD155133C787F00CCB81A /* CFNetwork.framework */ = {isa = PBXFileReference; lastKnownFileType = wrapper.framework; name = CFNetwork.framework; path = System/Library/Frameworks/CFNetwork.framework; sourceTree = SDKROOT; };
		B57CD157133C788900CCB81A /* MobileCoreServices.framework */ = {isa = PBXFileReference; lastKnownFileType = wrapper.framework; name = MobileCoreServices.framework; path = System/Library/Frameworks/MobileCoreServices.framework; sourceTree = SDKROOT; };
		B57CD159133C78BE00CCB81A /* SystemConfiguration.framework */ = {isa = PBXFileReference; lastKnownFileType = wrapper.framework; name = SystemConfiguration.framework; path = System/Library/Frameworks/SystemConfiguration.framework; sourceTree = SDKROOT; };
		B5A6C65A1389792A007B46F0 /* MoodleStyleSheet.h */ = {isa = PBXFileReference; fileEncoding = 4; lastKnownFileType = sourcecode.c.h; path = MoodleStyleSheet.h; sourceTree = "<group>"; };
		B5A6C65B1389792A007B46F0 /* MoodleStyleSheet.m */ = {isa = PBXFileReference; fileEncoding = 4; lastKnownFileType = sourcecode.c.objc; path = MoodleStyleSheet.m; sourceTree = "<group>"; };
		B5B0EAE51383ACFE000A9330 /* Attendance.png */ = {isa = PBXFileReference; lastKnownFileType = image.png; name = Attendance.png; path = Icons/Attendance.png; sourceTree = SOURCE_ROOT; };
		B5B0EAE61383ACFE000A9330 /* Calendar.png */ = {isa = PBXFileReference; lastKnownFileType = image.png; name = Calendar.png; path = Icons/Calendar.png; sourceTree = SOURCE_ROOT; };
		B5B0EAE71383ACFE000A9330 /* Resources.png */ = {isa = PBXFileReference; lastKnownFileType = image.png; name = Resources.png; path = Icons/Resources.png; sourceTree = SOURCE_ROOT; };
		B5B0EAE81383ACFE000A9330 /* Message.png */ = {isa = PBXFileReference; lastKnownFileType = image.png; name = Message.png; path = Icons/Message.png; sourceTree = SOURCE_ROOT; };
		B5B0EAE91383ACFE000A9330 /* moodle.png */ = {isa = PBXFileReference; lastKnownFileType = image.png; name = moodle.png; path = Icons/moodle.png; sourceTree = SOURCE_ROOT; };
		B5B0EAEA1383ACFE000A9330 /* MoodleHelp.png */ = {isa = PBXFileReference; lastKnownFileType = image.png; name = MoodleHelp.png; path = Icons/MoodleHelp.png; sourceTree = SOURCE_ROOT; };
		B5B0EAEB1383ACFE000A9330 /* Participants.png */ = {isa = PBXFileReference; lastKnownFileType = image.png; name = Participants.png; path = Icons/Participants.png; sourceTree = SOURCE_ROOT; };
		B5B0EAEC1383ACFE000A9330 /* Poll.png */ = {isa = PBXFileReference; lastKnownFileType = image.png; name = Poll.png; path = Icons/Poll.png; sourceTree = SOURCE_ROOT; };
		B5B0EAED1383ACFE000A9330 /* ToolGuide.png */ = {isa = PBXFileReference; lastKnownFileType = image.png; name = ToolGuide.png; path = Icons/ToolGuide.png; sourceTree = SOURCE_ROOT; };
		B5B0EAEE1383ACFE000A9330 /* Upload.png */ = {isa = PBXFileReference; lastKnownFileType = image.png; name = Upload.png; path = Icons/Upload.png; sourceTree = SOURCE_ROOT; };
		B5B0EAF91383AD7D000A9330 /* button_red.png */ = {isa = PBXFileReference; lastKnownFileType = image.png; name = button_red.png; path = Images/button_red.png; sourceTree = SOURCE_ROOT; };
		B5B0EAFA1383AD7D000A9330 /* checkmark.png */ = {isa = PBXFileReference; lastKnownFileType = image.png; name = checkmark.png; path = Images/checkmark.png; sourceTree = SOURCE_ROOT; };
		B5B0EAFB1383AD7E000A9330 /* redbutton.png */ = {isa = PBXFileReference; lastKnownFileType = image.png; name = redbutton.png; path = Images/redbutton.png; sourceTree = SOURCE_ROOT; };
		B5B0EB011383ADBB000A9330 /* icon.png */ = {isa = PBXFileReference; lastKnownFileType = image.png; name = icon.png; path = Icons/icon.png; sourceTree = SOURCE_ROOT; };
		B5B0EB021383ADBB000A9330 /* iconhd.png */ = {isa = PBXFileReference; lastKnownFileType = image.png; name = iconhd.png; path = Icons/iconhd.png; sourceTree = SOURCE_ROOT; };
		B5B0EB051383AEB6000A9330 /* CTidy.h */ = {isa = PBXFileReference; fileEncoding = 4; lastKnownFileType = sourcecode.c.h; name = CTidy.h; path = XMLRPC/CTidy.h; sourceTree = SOURCE_ROOT; };
		B5B0EB061383AEB6000A9330 /* CTidy.m */ = {isa = PBXFileReference; fileEncoding = 4; lastKnownFileType = sourcecode.c.objc; name = CTidy.m; path = XMLRPC/CTidy.m; sourceTree = SOURCE_ROOT; };
		B5B0EB071383AEB6000A9330 /* NSDataAdditions.h */ = {isa = PBXFileReference; fileEncoding = 4; lastKnownFileType = sourcecode.c.h; name = NSDataAdditions.h; path = XMLRPC/NSDataAdditions.h; sourceTree = SOURCE_ROOT; };
		B5B0EB081383AEB6000A9330 /* NSDataAdditions.m */ = {isa = PBXFileReference; fileEncoding = 4; lastKnownFileType = sourcecode.c.objc; name = NSDataAdditions.m; path = XMLRPC/NSDataAdditions.m; sourceTree = SOURCE_ROOT; };
		B5B0EB091383AEB6000A9330 /* NSString+XMLExtensions.h */ = {isa = PBXFileReference; fileEncoding = 4; lastKnownFileType = sourcecode.c.h; name = "NSString+XMLExtensions.h"; path = "XMLRPC/NSString+XMLExtensions.h"; sourceTree = SOURCE_ROOT; };
		B5B0EB0A1383AEB6000A9330 /* NSString+XMLExtensions.m */ = {isa = PBXFileReference; fileEncoding = 4; lastKnownFileType = sourcecode.c.objc; name = "NSString+XMLExtensions.m"; path = "XMLRPC/NSString+XMLExtensions.m"; sourceTree = SOURCE_ROOT; };
		B5B0EB0B1383AEB6000A9330 /* XMLRPCDecoder.h */ = {isa = PBXFileReference; fileEncoding = 4; lastKnownFileType = sourcecode.c.h; name = XMLRPCDecoder.h; path = XMLRPC/XMLRPCDecoder.h; sourceTree = SOURCE_ROOT; };
		B5B0EB0C1383AEB6000A9330 /* XMLRPCDecoder.m */ = {isa = PBXFileReference; fileEncoding = 4; lastKnownFileType = sourcecode.c.objc; name = XMLRPCDecoder.m; path = XMLRPC/XMLRPCDecoder.m; sourceTree = SOURCE_ROOT; };
		B5B0EB0D1383AEB6000A9330 /* XMLRPCEncoder.h */ = {isa = PBXFileReference; fileEncoding = 4; lastKnownFileType = sourcecode.c.h; name = XMLRPCEncoder.h; path = XMLRPC/XMLRPCEncoder.h; sourceTree = SOURCE_ROOT; };
		B5B0EB0E1383AEB6000A9330 /* XMLRPCEncoder.m */ = {isa = PBXFileReference; fileEncoding = 4; lastKnownFileType = sourcecode.c.objc; name = XMLRPCEncoder.m; path = XMLRPC/XMLRPCEncoder.m; sourceTree = SOURCE_ROOT; };
		B5B0EB0F1383AEB6000A9330 /* XMLRPCExtensions.h */ = {isa = PBXFileReference; fileEncoding = 4; lastKnownFileType = sourcecode.c.h; name = XMLRPCExtensions.h; path = XMLRPC/XMLRPCExtensions.h; sourceTree = SOURCE_ROOT; };
		B5B0EB101383AEB6000A9330 /* XMLRPCExtensions.m */ = {isa = PBXFileReference; fileEncoding = 4; lastKnownFileType = sourcecode.c.objc; name = XMLRPCExtensions.m; path = XMLRPC/XMLRPCExtensions.m; sourceTree = SOURCE_ROOT; };
		B5B0EB111383AEB6000A9330 /* XMLRPCRequest.h */ = {isa = PBXFileReference; fileEncoding = 4; lastKnownFileType = sourcecode.c.h; name = XMLRPCRequest.h; path = XMLRPC/XMLRPCRequest.h; sourceTree = SOURCE_ROOT; };
		B5B0EB121383AEB6000A9330 /* XMLRPCRequest.m */ = {isa = PBXFileReference; fileEncoding = 4; lastKnownFileType = sourcecode.c.objc; name = XMLRPCRequest.m; path = XMLRPC/XMLRPCRequest.m; sourceTree = SOURCE_ROOT; };
		B5B0EB131383AEB6000A9330 /* XMLRPCResponse.h */ = {isa = PBXFileReference; fileEncoding = 4; lastKnownFileType = sourcecode.c.h; name = XMLRPCResponse.h; path = XMLRPC/XMLRPCResponse.h; sourceTree = SOURCE_ROOT; };
		B5B0EB141383AEB6000A9330 /* XMLRPCResponse.m */ = {isa = PBXFileReference; fileEncoding = 4; lastKnownFileType = sourcecode.c.objc; name = XMLRPCResponse.m; path = XMLRPC/XMLRPCResponse.m; sourceTree = SOURCE_ROOT; };
		B5B0EB151383AEB6000A9330 /* XMLValueDecoder.h */ = {isa = PBXFileReference; fileEncoding = 4; lastKnownFileType = sourcecode.c.h; name = XMLValueDecoder.h; path = XMLRPC/XMLValueDecoder.h; sourceTree = SOURCE_ROOT; };
		B5B0EB161383AEB6000A9330 /* XMLValueDecoder.m */ = {isa = PBXFileReference; fileEncoding = 4; lastKnownFileType = sourcecode.c.objc; name = XMLValueDecoder.m; path = XMLRPC/XMLValueDecoder.m; sourceTree = SOURCE_ROOT; };
		B5C3C785138975310004783D /* sync.gif */ = {isa = PBXFileReference; lastKnownFileType = image.gif; name = sync.gif; path = Icons/sync.gif; sourceTree = SOURCE_ROOT; };
		B5D4EFFD13726FF000FD121F /* UploadViewController.h */ = {isa = PBXFileReference; fileEncoding = 4; lastKnownFileType = sourcecode.c.h; path = UploadViewController.h; sourceTree = "<group>"; };
		B5D4EFFE13726FF000FD121F /* UploadViewController.m */ = {isa = PBXFileReference; fileEncoding = 4; lastKnownFileType = sourcecode.c.objc; path = UploadViewController.m; sourceTree = "<group>"; };
		B5DABB1B138E2BF6004AE472 /* Constants.h */ = {isa = PBXFileReference; fileEncoding = 4; lastKnownFileType = sourcecode.c.h; path = Constants.h; sourceTree = "<group>"; };
		B5DABB1C138E2BF6004AE472 /* CoursesViewController.h */ = {isa = PBXFileReference; fileEncoding = 4; lastKnownFileType = sourcecode.c.h; path = CoursesViewController.h; sourceTree = "<group>"; };
		B5DABB1D138E2BF6004AE472 /* CoursesViewController.m */ = {isa = PBXFileReference; fileEncoding = 4; lastKnownFileType = sourcecode.c.objc; path = CoursesViewController.m; sourceTree = "<group>"; };
		B5DABB1E138E2BF6004AE472 /* SitesViewController.h */ = {isa = PBXFileReference; fileEncoding = 4; lastKnownFileType = sourcecode.c.h; path = SitesViewController.h; sourceTree = "<group>"; };
		B5DABB1F138E2BF6004AE472 /* SitesViewController.m */ = {isa = PBXFileReference; fileEncoding = 4; lastKnownFileType = sourcecode.c.objc; path = SitesViewController.m; sourceTree = "<group>"; };
		B5DABB20138E2BF6004AE472 /* SyncViewController.h */ = {isa = PBXFileReference; fileEncoding = 4; lastKnownFileType = sourcecode.c.h; path = SyncViewController.h; sourceTree = "<group>"; };
		B5DABB21138E2BF6004AE472 /* SyncViewController.m */ = {isa = PBXFileReference; fileEncoding = 4; lastKnownFileType = sourcecode.c.objc; path = SyncViewController.m; sourceTree = "<group>"; };
		B5DABB26138E2C2A004AE472 /* MoodleSite.h */ = {isa = PBXFileReference; fileEncoding = 4; lastKnownFileType = sourcecode.c.h; path = MoodleSite.h; sourceTree = "<group>"; };
		B5DABB27138E2C2A004AE472 /* MoodleSite.m */ = {isa = PBXFileReference; fileEncoding = 4; lastKnownFileType = sourcecode.c.objc; path = MoodleSite.m; sourceTree = "<group>"; };
		B5DABB29138E2C30004AE472 /* Participant.h */ = {isa = PBXFileReference; fileEncoding = 4; lastKnownFileType = sourcecode.c.h; path = Participant.h; sourceTree = "<group>"; };
		B5DABB2A138E2C30004AE472 /* Participant.m */ = {isa = PBXFileReference; fileEncoding = 4; lastKnownFileType = sourcecode.c.objc; path = Participant.m; sourceTree = "<group>"; };
		B5DABB37138E57CE004AE472 /* MoodleImagePickerController.h */ = {isa = PBXFileReference; fileEncoding = 4; lastKnownFileType = sourcecode.c.h; path = MoodleImagePickerController.h; sourceTree = "<group>"; };
		B5DABB38138E57CE004AE472 /* MoodleImagePickerController.m */ = {isa = PBXFileReference; fileEncoding = 4; lastKnownFileType = sourcecode.c.objc; path = MoodleImagePickerController.m; sourceTree = "<group>"; };
		B5E047F4137280FA00314B60 /* ParticipantListViewController.h */ = {isa = PBXFileReference; fileEncoding = 4; lastKnownFileType = sourcecode.c.h; path = ParticipantListViewController.h; sourceTree = "<group>"; };
		B5E047F5137280FA00314B60 /* ParticipantListViewController.m */ = {isa = PBXFileReference; fileEncoding = 4; lastKnownFileType = sourcecode.c.objc; path = ParticipantListViewController.m; sourceTree = "<group>"; };
/* End PBXFileReference section */

/* Begin PBXFrameworksBuildPhase section */
		02618A0A1331A581008D3037 /* Frameworks */ = {
			isa = PBXFrameworksBuildPhase;
			buildActionMask = 2147483647;
			files = (
				3201088596B4756681693705 /* libThree20UICommon.a in Frameworks */,
				320D7DCCE32703ACAB9A45E5 /* libThree20.a in Frameworks */,
				320A737074758E53BA54BE95 /* libThree20UINavigator.a in Frameworks */,
				320A2827FEC940B25BC42C65 /* libThree20Core.a in Frameworks */,
				320F2C48872C2E2C4DF86205 /* libThree20UI.a in Frameworks */,
				320A5A189C235877202780D5 /* libThree20Network.a in Frameworks */,
				320CC833B8AF0ACFD35E6225 /* libThree20Style.a in Frameworks */,
				B5069EEB138116E800EABC26 /* AVFoundation.framework in Frameworks */,
				B5609F3A137F8DC000C59271 /* AudioToolbox.framework in Frameworks */,
				320AF8492C47A4D819F7C451 /* QuartzCore.framework in Frameworks */,
				B57CD15A133C78BE00CCB81A /* SystemConfiguration.framework in Frameworks */,
				B57CD156133C787F00CCB81A /* CFNetwork.framework in Frameworks */,
				02618A181331A581008D3037 /* CoreData.framework in Frameworks */,
				02618A161331A581008D3037 /* CoreGraphics.framework in Frameworks */,
				02618A141331A581008D3037 /* Foundation.framework in Frameworks */,
				B57CD153133C785D00CCB81A /* libz.1.2.3.dylib in Frameworks */,
				02618A121331A581008D3037 /* UIKit.framework in Frameworks */,
				B57CD158133C788900CCB81A /* MobileCoreServices.framework in Frameworks */,
			);
			runOnlyForDeploymentPostprocessing = 0;
		};
		02618A321331A582008D3037 /* Frameworks */ = {
			isa = PBXFrameworksBuildPhase;
			buildActionMask = 2147483647;
			files = (
				02618A371331A582008D3037 /* UIKit.framework in Frameworks */,
				02618A381331A582008D3037 /* Foundation.framework in Frameworks */,
				02618A391331A582008D3037 /* CoreGraphics.framework in Frameworks */,
				02618A3A1331A582008D3037 /* CoreData.framework in Frameworks */,
			);
			runOnlyForDeploymentPostprocessing = 0;
		};
/* End PBXFrameworksBuildPhase section */

/* Begin PBXGroup section */
		023AF82F137A815E00BCDEEF /* Utils */ = {
			isa = PBXGroup;
			children = (
				023AF830137A817A00BCDEEF /* HashValue.h */,
				023AF831137A817A00BCDEEF /* HashValue.m */,
				B54F75C713937B8000C95039 /* MoodleMedia.h */,
				B54F75C813937B8000C95039 /* MoodleMedia.m */,
			);
			name = Utils;
			sourceTree = "<group>";
		};
		02618A021331A581008D3037 = {
			isa = PBXGroup;
			children = (
				02618A191331A581008D3037 /* Moodle */,
				02618A3D1331A582008D3037 /* MoodleTests */,
				02618A101331A581008D3037 /* Frameworks */,
				02618A0E1331A581008D3037 /* Products */,
			);
			sourceTree = "<group>";
		};
		02618A0E1331A581008D3037 /* Products */ = {
			isa = PBXGroup;
			children = (
				02618A0D1331A581008D3037 /* Moodle.app */,
				02618A361331A582008D3037 /* MoodleTests.octest */,
			);
			name = Products;
			sourceTree = "<group>";
		};
		02618A101331A581008D3037 /* Frameworks */ = {
			isa = PBXGroup;
			children = (
				3201088596B4756681693700 /* Three20UICommon.xcodeproj */,
				320D7DCCE32703ACAB9A45E0 /* Three20.xcodeproj */,
				320A737074758E53BA54BE90 /* Three20UINavigator.xcodeproj */,
				320A2827FEC940B25BC42C60 /* Three20Core.xcodeproj */,
				320F2C48872C2E2C4DF86200 /* Three20UI.xcodeproj */,
				320A5A189C235877202780D0 /* Three20Network.xcodeproj */,
				320CC833B8AF0ACFD35E6220 /* Three20Style.xcodeproj */,
				B5069EEA138116E800EABC26 /* AVFoundation.framework */,
				B5609F39137F8DC000C59271 /* AudioToolbox.framework */,
				320AF8492C47A4D819F7C450 /* QuartzCore.framework */,
				B57CD159133C78BE00CCB81A /* SystemConfiguration.framework */,
				B57CD157133C788900CCB81A /* MobileCoreServices.framework */,
				B57CD155133C787F00CCB81A /* CFNetwork.framework */,
				B57CD152133C785D00CCB81A /* libz.1.2.3.dylib */,
				02618A111331A581008D3037 /* UIKit.framework */,
				02618A131331A581008D3037 /* Foundation.framework */,
				02618A151331A581008D3037 /* CoreGraphics.framework */,
				02618A171331A581008D3037 /* CoreData.framework */,
			);
			name = Frameworks;
			sourceTree = "<group>";
		};
		02618A191331A581008D3037 /* Moodle */ = {
			isa = PBXGroup;
			children = (
				B5C3C784138975130004783D /* pix-actions */,
				B5F193591354466000F45441 /* pix-components */,
				B57CD18C133C798600CCB81A /* Resources */,
				B57CD18D133C79B600CCB81A /* Images */,
				B57CD15B133C78F400CCB81A /* Classes */,
				02618A1A1331A581008D3037 /* Supporting Files */,
			);
			path = Moodle;
			sourceTree = "<group>";
		};
		02618A1A1331A581008D3037 /* Supporting Files */ = {
			isa = PBXGroup;
			children = (
				02618A251331A582008D3037 /* Moodle.xcdatamodeld */,
				02618A1B1331A581008D3037 /* Moodle-Info.plist */,
				02618A1C1331A581008D3037 /* InfoPlist.strings */,
				02618A1F1331A581008D3037 /* Moodle-Prefix.pch */,
				02618A201331A581008D3037 /* main.m */,
			);
			name = "Supporting Files";
			sourceTree = "<group>";
		};
		02618A3D1331A582008D3037 /* MoodleTests */ = {
			isa = PBXGroup;
			children = (
				02618A441331A582008D3037 /* MoodleTests.h */,
				02618A461331A582008D3037 /* MoodleTests.m */,
				02618A3E1331A582008D3037 /* Supporting Files */,
			);
			path = MoodleTests;
			sourceTree = "<group>";
		};
		02618A3E1331A582008D3037 /* Supporting Files */ = {
			isa = PBXGroup;
			children = (
				02618A3F1331A582008D3037 /* MoodleTests-Info.plist */,
				02618A401331A582008D3037 /* InfoPlist.strings */,
				02618A431331A582008D3037 /* MoodleTests-Prefix.pch */,
			);
			name = "Supporting Files";
			sourceTree = "<group>";
		};
		3201088596B4756681693703 /* Products */ = {
			isa = PBXGroup;
			children = (
				3201088596B4756681693704 /* libThree20UICommon.a */,
				B5693AA1138638BC00BB8D56 /* UICommonUnitTests.octest */,
			);
			name = Products;
			sourceTree = "<group>";
		};
		320A2827FEC940B25BC42C63 /* Products */ = {
			isa = PBXGroup;
			children = (
				320A2827FEC940B25BC42C64 /* libThree20Core.a */,
				B5693A9B138638BC00BB8D56 /* CoreUnitTests.octest */,
			);
			name = Products;
			sourceTree = "<group>";
		};
		320A5A189C235877202780D3 /* Products */ = {
			isa = PBXGroup;
			children = (
				320A5A189C235877202780D4 /* libThree20Network.a */,
				B5F56B3313863560001D6CE4 /* NetworkUnitTests.octest */,
			);
			name = Products;
			sourceTree = "<group>";
		};
		320A737074758E53BA54BE93 /* Products */ = {
			isa = PBXGroup;
			children = (
				320A737074758E53BA54BE94 /* libThree20UINavigator.a */,
				B5693AA4138638BC00BB8D56 /* UINavigatorUnitTests.octest */,
			);
			name = Products;
			sourceTree = "<group>";
		};
		320CC833B8AF0ACFD35E6223 /* Products */ = {
			isa = PBXGroup;
			children = (
				320CC833B8AF0ACFD35E6224 /* libThree20Style.a */,
				B5F56B3613863560001D6CE4 /* StyleUnitTests.octest */,
			);
			name = Products;
			sourceTree = "<group>";
		};
		320D7DCCE32703ACAB9A45E3 /* Products */ = {
			isa = PBXGroup;
			children = (
				320D7DCCE32703ACAB9A45E4 /* libThree20.a */,
				B5693A98138638BC00BB8D56 /* Three20UnitTests.octest */,
			);
			name = Products;
			sourceTree = "<group>";
		};
		320F2C48872C2E2C4DF86203 /* Products */ = {
			isa = PBXGroup;
			children = (
				320F2C48872C2E2C4DF86204 /* libThree20UI.a */,
				B5F56B3913863560001D6CE4 /* UIUnitTests.octest */,
			);
			name = Products;
			sourceTree = "<group>";
		};
		B5031AD5138007B9005BB407 /* MBProgressHUD */ = {
			isa = PBXGroup;
			children = (
				B5031AD1138007AB005BB407 /* MBProgressHUD.h */,
				B5031AD2138007AB005BB407 /* MBProgressHUD.m */,
			);
			name = MBProgressHUD;
			sourceTree = "<group>";
		};
		B5031AEE1380134F005BB407 /* HTTP */ = {
			isa = PBXGroup;
			children = (
				B51EC3C61394BBA40048C866 /* ASIAuthenticationDialog.h */,
				B51EC3C71394BBA40048C866 /* ASIAuthenticationDialog.m */,
				B51EC3C81394BBA40048C866 /* ASICacheDelegate.h */,
				B51EC3C91394BBA40048C866 /* ASIDataCompressor.h */,
				B51EC3CA1394BBA40048C866 /* ASIDataCompressor.m */,
				B51EC3CB1394BBA40048C866 /* ASIDataDecompressor.h */,
				B51EC3CC1394BBA40048C866 /* ASIDataDecompressor.m */,
				B51EC3CD1394BBA40048C866 /* ASIDownloadCache.h */,
				B51EC3CE1394BBA40048C866 /* ASIDownloadCache.m */,
				B51EC3CF1394BBA40048C866 /* ASIFormDataRequest.h */,
				B51EC3D01394BBA40048C866 /* ASIFormDataRequest.m */,
				B51EC3D11394BBA40048C866 /* ASIHTTPRequest.h */,
				B51EC3D21394BBA40048C866 /* ASIHTTPRequest.m */,
				B51EC3D31394BBA40048C866 /* ASIHTTPRequestConfig.h */,
				B51EC3D41394BBA40048C866 /* ASIHTTPRequestDelegate.h */,
				B51EC3D51394BBA40048C866 /* ASIInputStream.h */,
				B51EC3D61394BBA40048C866 /* ASIInputStream.m */,
				B51EC3D71394BBA40048C866 /* ASINetworkQueue.h */,
				B51EC3D81394BBA40048C866 /* ASINetworkQueue.m */,
				B51EC3D91394BBA40048C866 /* ASIProgressDelegate.h */,
			);
			name = HTTP;
			sourceTree = "<group>";
		};
		B54F75A1139365E700C95039 /* TouchJSON */ = {
			isa = PBXGroup;
			children = (
				B54F75AF1393672300C95039 /* CDataScanner.h */,
				B54F75B01393672300C95039 /* CDataScanner.m */,
				B54F75B11393672300C95039 /* Extensions */,
				B54F75B61393672300C95039 /* JSON */,
			);
			name = TouchJSON;
			sourceTree = "<group>";
		};
		B54F75B11393672300C95039 /* Extensions */ = {
			isa = PBXGroup;
			children = (
				B54F75B21393672300C95039 /* CDataScanner_Extensions.h */,
				B54F75B31393672300C95039 /* CDataScanner_Extensions.m */,
				B54F75B41393672300C95039 /* NSDictionary_JSONExtensions.h */,
				B54F75B51393672300C95039 /* NSDictionary_JSONExtensions.m */,
			);
			name = Extensions;
			path = TouchJSON/Source/Extensions;
			sourceTree = SOURCE_ROOT;
		};
		B54F75B61393672300C95039 /* JSON */ = {
			isa = PBXGroup;
			children = (
				B54F75B71393672300C95039 /* CJSONDeserializer.h */,
				B54F75B81393672300C95039 /* CJSONDeserializer.m */,
				B54F75B91393672300C95039 /* CJSONScanner.h */,
				B54F75BA1393672300C95039 /* CJSONScanner.m */,
				B54F75BB1393672300C95039 /* CJSONSerializer.h */,
				B54F75BC1393672300C95039 /* CJSONSerializer.m */,
				B54F75BD1393672300C95039 /* JSONRepresentation.h */,
			);
			name = JSON;
			path = TouchJSON/Source/JSON;
			sourceTree = SOURCE_ROOT;
		};
		B57CD15B133C78F400CCB81A /* Classes */ = {
			isa = PBXGroup;
			children = (
				B5DABB25138E2C14004AE472 /* Models */,
				B57CD18E133C79D500CCB81A /* Controllers */,
				B5B0EB201383AFC3000A9330 /* Reachability */,
				B5031AD5138007B9005BB407 /* MBProgressHUD */,
				023AF82F137A815E00BCDEEF /* Utils */,
				B5031AEE1380134F005BB407 /* HTTP */,
				B57CD15D133C791500CCB81A /* XMLRPC */,
				B54F75A1139365E700C95039 /* TouchJSON */,
			);
			name = Classes;
			sourceTree = "<group>";
		};
		B57CD15D133C791500CCB81A /* XMLRPC */ = {
			isa = PBXGroup;
			children = (
				B5B0EB051383AEB6000A9330 /* CTidy.h */,
				B5B0EB061383AEB6000A9330 /* CTidy.m */,
				B5B0EB071383AEB6000A9330 /* NSDataAdditions.h */,
				B5B0EB081383AEB6000A9330 /* NSDataAdditions.m */,
				B5B0EB091383AEB6000A9330 /* NSString+XMLExtensions.h */,
				B5B0EB0A1383AEB6000A9330 /* NSString+XMLExtensions.m */,
				B5B0EB0B1383AEB6000A9330 /* XMLRPCDecoder.h */,
				B5B0EB0C1383AEB6000A9330 /* XMLRPCDecoder.m */,
				B5B0EB0D1383AEB6000A9330 /* XMLRPCEncoder.h */,
				B5B0EB0E1383AEB6000A9330 /* XMLRPCEncoder.m */,
				B5B0EB0F1383AEB6000A9330 /* XMLRPCExtensions.h */,
				B5B0EB101383AEB6000A9330 /* XMLRPCExtensions.m */,
				B5B0EB111383AEB6000A9330 /* XMLRPCRequest.h */,
				B5B0EB121383AEB6000A9330 /* XMLRPCRequest.m */,
				B5B0EB131383AEB6000A9330 /* XMLRPCResponse.h */,
				B5B0EB141383AEB6000A9330 /* XMLRPCResponse.m */,
				B5B0EB151383AEB6000A9330 /* XMLValueDecoder.h */,
				B5B0EB161383AEB6000A9330 /* XMLValueDecoder.m */,
				B54EFA9F133C7CB500CE8F87 /* WSClient.h */,
				B54EFAA0133C7CB500CE8F87 /* WSClient.m */,
			);
			name = XMLRPC;
			sourceTree = "<group>";
		};
		B57CD18C133C798600CCB81A /* Resources */ = {
			isa = PBXGroup;
			children = (
				020E06D1134EAD060076B4BA /* SettingsSiteViewController.xib */,
				B577155E138102DD007582EF /* RecorderViewController.xib */,
				B52DE3D41380FA9F004F3692 /* PreviewViewController.xib */,
				023AF82C137A2CF500BCDEEF /* ParticipantViewController.xib */,
				320B6C86F11D9990244A9730 /* Three20.bundle */,
				0246A69413370B8B007BD281 /* Localizable.strings */,
			);
			name = Resources;
			sourceTree = "<group>";
		};
		B57CD18D133C79B600CCB81A /* Images */ = {
			isa = PBXGroup;
			children = (
				B5B0EAF91383AD7D000A9330 /* button_red.png */,
				B5B0EAFA1383AD7D000A9330 /* checkmark.png */,
				B53FAB411398B921008206EA /* microphone.jpg */,
				B53FAB3F1398B566008206EA /* Complete.png */,
				B5B0EAFB1383AD7E000A9330 /* redbutton.png */,
			);
			name = Images;
			sourceTree = "<group>";
		};
		B57CD18E133C79D500CCB81A /* Controllers */ = {
			isa = PBXGroup;
			children = (
				02618A221331A581008D3037 /* AppDelegate.h */,
				02618A231331A581008D3037 /* AppDelegate.m */,
				B5DABB1B138E2BF6004AE472 /* Constants.h */,
				02618A2B1331A582008D3037 /* RootViewController.h */,
				02618A2C1331A582008D3037 /* RootViewController.m */,
				B56983CA13896647003FECD2 /* WebViewController.h */,
				B56983CB13896648003FECD2 /* WebViewController.m */,
				B5A6C65A1389792A007B46F0 /* MoodleStyleSheet.h */,
				B5A6C65B1389792A007B46F0 /* MoodleStyleSheet.m */,
				B5DABB37138E57CE004AE472 /* MoodleImagePickerController.h */,
				B5DABB38138E57CE004AE472 /* MoodleImagePickerController.m */,
				B5DABB20138E2BF6004AE472 /* SyncViewController.h */,
				B5DABB21138E2BF6004AE472 /* SyncViewController.m */,
				B5DABB2D138E2C52004AE472 /* Participant */,
				B5DABB2C138E2C3C004AE472 /* Upload */,
				B5DABB2E138E2C6E004AE472 /* Site */,
			);
			name = Controllers;
			sourceTree = "<group>";
		};
		B5B0EB201383AFC3000A9330 /* Reachability */ = {
			isa = PBXGroup;
			children = (
				B51EC3E21394BBD30048C866 /* Reachability.h */,
				B51EC3E31394BBD30048C866 /* Reachability.m */,
			);
			name = Reachability;
			sourceTree = "<group>";
		};
		B5C3C784138975130004783D /* pix-actions */ = {
			isa = PBXGroup;
			children = (
				B5C3C785138975310004783D /* sync.gif */,
			);
			name = "pix-actions";
			sourceTree = "<group>";
		};
		B5DABB25138E2C14004AE472 /* Models */ = {
			isa = PBXGroup;
			children = (
				B5DABB26138E2C2A004AE472 /* MoodleSite.h */,
				B5DABB27138E2C2A004AE472 /* MoodleSite.m */,
				B5DABB29138E2C30004AE472 /* Participant.h */,
				B5DABB2A138E2C30004AE472 /* Participant.m */,
				B53FAB5A1398C06B008206EA /* MoodleJob.h */,
				B53FAB5B1398C06B008206EA /* MoodleJob.m */,
			);
			name = Models;
			sourceTree = "<group>";
		};
		B5DABB2C138E2C3C004AE472 /* Upload */ = {
			isa = PBXGroup;
			children = (
				B5D4EFFD13726FF000FD121F /* UploadViewController.h */,
				B5D4EFFE13726FF000FD121F /* UploadViewController.m */,
				B52DE3D21380FA9F004F3692 /* PreviewViewController.h */,
				B52DE3D31380FA9F004F3692 /* PreviewViewController.m */,
				B577155C138102DD007582EF /* RecorderViewController.h */,
				B577155D138102DD007582EF /* RecorderViewController.m */,
			);
			name = Upload;
			sourceTree = "<group>";
		};
		B5DABB2D138E2C52004AE472 /* Participant */ = {
			isa = PBXGroup;
			children = (
				B5DABB1C138E2BF6004AE472 /* CoursesViewController.h */,
				B5DABB1D138E2BF6004AE472 /* CoursesViewController.m */,
				B5E047F4137280FA00314B60 /* ParticipantListViewController.h */,
				B5E047F5137280FA00314B60 /* ParticipantListViewController.m */,
				023AF82A137A2CF400BCDEEF /* ParticipantViewController.h */,
				023AF82B137A2CF500BCDEEF /* ParticipantViewController.m */,
			);
			name = Participant;
			sourceTree = "<group>";
		};
		B5DABB2E138E2C6E004AE472 /* Site */ = {
			isa = PBXGroup;
			children = (
				B5DABB1E138E2BF6004AE472 /* SitesViewController.h */,
				B5DABB1F138E2BF6004AE472 /* SitesViewController.m */,
				0246A6831336FA10007BD281 /* SettingsSiteViewController.h */,
				0246A6841336FA10007BD281 /* SettingsSiteViewController.m */,
			);
			name = Site;
			sourceTree = "<group>";
		};
		B5F193591354466000F45441 /* pix-components */ = {
			isa = PBXGroup;
			children = (
				B5B0EB011383ADBB000A9330 /* icon.png */,
				B5B0EB021383ADBB000A9330 /* iconhd.png */,
				B5B0EAE51383ACFE000A9330 /* Attendance.png */,
				B5B0EAE61383ACFE000A9330 /* Calendar.png */,
				B5B0EAE71383ACFE000A9330 /* Resources.png */,
				B5B0EAE81383ACFE000A9330 /* Message.png */,
				B5B0EAE91383ACFE000A9330 /* moodle.png */,
				B5B0EAEA1383ACFE000A9330 /* MoodleHelp.png */,
				B5B0EAEB1383ACFE000A9330 /* Participants.png */,
				B5B0EAEC1383ACFE000A9330 /* Poll.png */,
				B5B0EAED1383ACFE000A9330 /* ToolGuide.png */,
				B5B0EAEE1383ACFE000A9330 /* Upload.png */,
			);
			name = "pix-components";
			sourceTree = "<group>";
		};
/* End PBXGroup section */

/* Begin PBXNativeTarget section */
		02618A0C1331A581008D3037 /* Moodle */ = {
			isa = PBXNativeTarget;
			buildConfigurationList = 02618A4A1331A582008D3037 /* Build configuration list for PBXNativeTarget "Moodle" */;
			buildPhases = (
				02618A091331A581008D3037 /* Sources */,
				02618A0A1331A581008D3037 /* Frameworks */,
				02618A0B1331A581008D3037 /* Resources */,
			);
			buildRules = (
			);
			dependencies = (
				3201088596B4756681693701 /* PBXTargetDependency */,
				320D7DCCE32703ACAB9A45E1 /* PBXTargetDependency */,
				320A737074758E53BA54BE91 /* PBXTargetDependency */,
				320A2827FEC940B25BC42C61 /* PBXTargetDependency */,
				320F2C48872C2E2C4DF86201 /* PBXTargetDependency */,
				320A5A189C235877202780D1 /* PBXTargetDependency */,
				320CC833B8AF0ACFD35E6221 /* PBXTargetDependency */,
			);
			name = Moodle;
			productName = Moodle;
			productReference = 02618A0D1331A581008D3037 /* Moodle.app */;
			productType = "com.apple.product-type.application";
		};
		02618A351331A582008D3037 /* MoodleTests */ = {
			isa = PBXNativeTarget;
			buildConfigurationList = 02618A4D1331A582008D3037 /* Build configuration list for PBXNativeTarget "MoodleTests" */;
			buildPhases = (
				02618A311331A582008D3037 /* Sources */,
				02618A321331A582008D3037 /* Frameworks */,
				02618A331331A582008D3037 /* Resources */,
				02618A341331A582008D3037 /* ShellScript */,
			);
			buildRules = (
			);
			dependencies = (
				02618A3C1331A582008D3037 /* PBXTargetDependency */,
			);
			name = MoodleTests;
			productName = MoodleTests;
			productReference = 02618A361331A582008D3037 /* MoodleTests.octest */;
			productType = "com.apple.product-type.bundle";
		};
/* End PBXNativeTarget section */

/* Begin PBXProject section */
		02618A041331A581008D3037 /* Project object */ = {
			isa = PBXProject;
			attributes = {
				ORGANIZATIONNAME = Moodle;
			};
			buildConfigurationList = 02618A071331A581008D3037 /* Build configuration list for PBXProject "Moodle" */;
			compatibilityVersion = "Xcode 3.2";
			developmentRegion = English;
			hasScannedForEncodings = 0;
			knownRegions = (
				en,
				fr,
			);
			mainGroup = 02618A021331A581008D3037;
			productRefGroup = 02618A0E1331A581008D3037 /* Products */;
			projectDirPath = "";
			projectReferences = (
				{
					ProductGroup = 320D7DCCE32703ACAB9A45E3 /* Products */;
					ProjectRef = 320D7DCCE32703ACAB9A45E0 /* Three20.xcodeproj */;
				},
				{
					ProductGroup = 320A2827FEC940B25BC42C63 /* Products */;
					ProjectRef = 320A2827FEC940B25BC42C60 /* Three20Core.xcodeproj */;
				},
				{
					ProductGroup = 320A5A189C235877202780D3 /* Products */;
					ProjectRef = 320A5A189C235877202780D0 /* Three20Network.xcodeproj */;
				},
				{
					ProductGroup = 320CC833B8AF0ACFD35E6223 /* Products */;
					ProjectRef = 320CC833B8AF0ACFD35E6220 /* Three20Style.xcodeproj */;
				},
				{
					ProductGroup = 320F2C48872C2E2C4DF86203 /* Products */;
					ProjectRef = 320F2C48872C2E2C4DF86200 /* Three20UI.xcodeproj */;
				},
				{
					ProductGroup = 3201088596B4756681693703 /* Products */;
					ProjectRef = 3201088596B4756681693700 /* Three20UICommon.xcodeproj */;
				},
				{
					ProductGroup = 320A737074758E53BA54BE93 /* Products */;
					ProjectRef = 320A737074758E53BA54BE90 /* Three20UINavigator.xcodeproj */;
				},
			);
			projectRoot = "";
			targets = (
				02618A0C1331A581008D3037 /* Moodle */,
				02618A351331A582008D3037 /* MoodleTests */,
			);
		};
/* End PBXProject section */

/* Begin PBXReferenceProxy section */
		3201088596B4756681693704 /* libThree20UICommon.a */ = {
			isa = PBXReferenceProxy;
			fileType = archive.ar;
			path = libThree20UICommon.a;
			remoteRef = 3201088596B4756681693706 /* PBXContainerItemProxy */;
			sourceTree = BUILT_PRODUCTS_DIR;
		};
		320A2827FEC940B25BC42C64 /* libThree20Core.a */ = {
			isa = PBXReferenceProxy;
			fileType = archive.ar;
			path = libThree20Core.a;
			remoteRef = 320A2827FEC940B25BC42C66 /* PBXContainerItemProxy */;
			sourceTree = BUILT_PRODUCTS_DIR;
		};
		320A5A189C235877202780D4 /* libThree20Network.a */ = {
			isa = PBXReferenceProxy;
			fileType = archive.ar;
			path = libThree20Network.a;
			remoteRef = 320A5A189C235877202780D6 /* PBXContainerItemProxy */;
			sourceTree = BUILT_PRODUCTS_DIR;
		};
		320A737074758E53BA54BE94 /* libThree20UINavigator.a */ = {
			isa = PBXReferenceProxy;
			fileType = archive.ar;
			path = libThree20UINavigator.a;
			remoteRef = 320A737074758E53BA54BE96 /* PBXContainerItemProxy */;
			sourceTree = BUILT_PRODUCTS_DIR;
		};
		320CC833B8AF0ACFD35E6224 /* libThree20Style.a */ = {
			isa = PBXReferenceProxy;
			fileType = archive.ar;
			path = libThree20Style.a;
			remoteRef = 320CC833B8AF0ACFD35E6226 /* PBXContainerItemProxy */;
			sourceTree = BUILT_PRODUCTS_DIR;
		};
		320D7DCCE32703ACAB9A45E4 /* libThree20.a */ = {
			isa = PBXReferenceProxy;
			fileType = archive.ar;
			path = libThree20.a;
			remoteRef = 320D7DCCE32703ACAB9A45E6 /* PBXContainerItemProxy */;
			sourceTree = BUILT_PRODUCTS_DIR;
		};
		320F2C48872C2E2C4DF86204 /* libThree20UI.a */ = {
			isa = PBXReferenceProxy;
			fileType = archive.ar;
			path = libThree20UI.a;
			remoteRef = 320F2C48872C2E2C4DF86206 /* PBXContainerItemProxy */;
			sourceTree = BUILT_PRODUCTS_DIR;
		};
		B5693A98138638BC00BB8D56 /* Three20UnitTests.octest */ = {
			isa = PBXReferenceProxy;
			fileType = wrapper.cfbundle;
			path = Three20UnitTests.octest;
			remoteRef = B5693A97138638BC00BB8D56 /* PBXContainerItemProxy */;
			sourceTree = BUILT_PRODUCTS_DIR;
		};
		B5693A9B138638BC00BB8D56 /* CoreUnitTests.octest */ = {
			isa = PBXReferenceProxy;
			fileType = wrapper.cfbundle;
			path = CoreUnitTests.octest;
			remoteRef = B5693A9A138638BC00BB8D56 /* PBXContainerItemProxy */;
			sourceTree = BUILT_PRODUCTS_DIR;
		};
		B5693AA1138638BC00BB8D56 /* UICommonUnitTests.octest */ = {
			isa = PBXReferenceProxy;
			fileType = wrapper.cfbundle;
			path = UICommonUnitTests.octest;
			remoteRef = B5693AA0138638BC00BB8D56 /* PBXContainerItemProxy */;
			sourceTree = BUILT_PRODUCTS_DIR;
		};
		B5693AA4138638BC00BB8D56 /* UINavigatorUnitTests.octest */ = {
			isa = PBXReferenceProxy;
			fileType = wrapper.cfbundle;
			path = UINavigatorUnitTests.octest;
			remoteRef = B5693AA3138638BC00BB8D56 /* PBXContainerItemProxy */;
			sourceTree = BUILT_PRODUCTS_DIR;
		};
		B5F56B3313863560001D6CE4 /* NetworkUnitTests.octest */ = {
			isa = PBXReferenceProxy;
			fileType = wrapper.cfbundle;
			path = NetworkUnitTests.octest;
			remoteRef = B5F56B3213863560001D6CE4 /* PBXContainerItemProxy */;
			sourceTree = BUILT_PRODUCTS_DIR;
		};
		B5F56B3613863560001D6CE4 /* StyleUnitTests.octest */ = {
			isa = PBXReferenceProxy;
			fileType = wrapper.cfbundle;
			path = StyleUnitTests.octest;
			remoteRef = B5F56B3513863560001D6CE4 /* PBXContainerItemProxy */;
			sourceTree = BUILT_PRODUCTS_DIR;
		};
		B5F56B3913863560001D6CE4 /* UIUnitTests.octest */ = {
			isa = PBXReferenceProxy;
			fileType = wrapper.cfbundle;
			path = UIUnitTests.octest;
			remoteRef = B5F56B3813863560001D6CE4 /* PBXContainerItemProxy */;
			sourceTree = BUILT_PRODUCTS_DIR;
		};
/* End PBXReferenceProxy section */

/* Begin PBXResourcesBuildPhase section */
		02618A0B1331A581008D3037 /* Resources */ = {
			isa = PBXResourcesBuildPhase;
			buildActionMask = 2147483647;
			files = (
				320B6C86F11D9990244A9731 /* Three20.bundle in Resources */,
				02618A1E1331A581008D3037 /* InfoPlist.strings in Resources */,
				0246A69613370B8B007BD281 /* Localizable.strings in Resources */,
				020E06D2134EAD060076B4BA /* SettingsSiteViewController.xib in Resources */,
				023AF82E137A2CF600BCDEEF /* ParticipantViewController.xib in Resources */,
				B52DE3D61380FA9F004F3692 /* PreviewViewController.xib in Resources */,
				B5771560138102DD007582EF /* RecorderViewController.xib in Resources */,
				B5B0EAEF1383ACFE000A9330 /* Attendance.png in Resources */,
				B5B0EAF01383ACFE000A9330 /* Calendar.png in Resources */,
				B5B0EAF11383ACFE000A9330 /* Resources.png in Resources */,
				B5B0EAF21383ACFE000A9330 /* Message.png in Resources */,
				B5B0EAF31383ACFE000A9330 /* moodle.png in Resources */,
				B5B0EAF41383ACFE000A9330 /* MoodleHelp.png in Resources */,
				B5B0EAF51383ACFE000A9330 /* Participants.png in Resources */,
				B5B0EAF61383ACFE000A9330 /* Poll.png in Resources */,
				B5B0EAF71383ACFE000A9330 /* ToolGuide.png in Resources */,
				B5B0EAF81383ACFE000A9330 /* Upload.png in Resources */,
				B5B0EAFD1383AD7E000A9330 /* button_red.png in Resources */,
				B5B0EAFE1383AD7E000A9330 /* checkmark.png in Resources */,
				B5B0EAFF1383AD7E000A9330 /* redbutton.png in Resources */,
				B5B0EB031383ADBB000A9330 /* icon.png in Resources */,
				B5B0EB041383ADBB000A9330 /* iconhd.png in Resources */,
				B5C3C786138975310004783D /* sync.gif in Resources */,
				B53FAB401398B566008206EA /* Complete.png in Resources */,
				B53FAB421398B921008206EA /* microphone.jpg in Resources */,
			);
			runOnlyForDeploymentPostprocessing = 0;
		};
		02618A331331A582008D3037 /* Resources */ = {
			isa = PBXResourcesBuildPhase;
			buildActionMask = 2147483647;
			files = (
				02618A421331A582008D3037 /* InfoPlist.strings in Resources */,
				02618A451331A582008D3037 /* MoodleTests.h in Resources */,
			);
			runOnlyForDeploymentPostprocessing = 0;
		};
/* End PBXResourcesBuildPhase section */

/* Begin PBXShellScriptBuildPhase section */
		02618A341331A582008D3037 /* ShellScript */ = {
			isa = PBXShellScriptBuildPhase;
			buildActionMask = 2147483647;
			files = (
			);
			inputPaths = (
			);
			outputPaths = (
			);
			runOnlyForDeploymentPostprocessing = 0;
			shellPath = /bin/sh;
			shellScript = "# Run the unit tests in this test bundle.\n\"${SYSTEM_DEVELOPER_DIR}/Tools/RunUnitTests\"\n";
		};
/* End PBXShellScriptBuildPhase section */

/* Begin PBXSourcesBuildPhase section */
		02618A091331A581008D3037 /* Sources */ = {
			isa = PBXSourcesBuildPhase;
			buildActionMask = 2147483647;
			files = (
				02618A211331A581008D3037 /* main.m in Sources */,
				02618A241331A581008D3037 /* AppDelegate.m in Sources */,
				02618A271331A582008D3037 /* Moodle.xcdatamodeld in Sources */,
				02618A2D1331A582008D3037 /* RootViewController.m in Sources */,
				0246A6851336FA11007BD281 /* SettingsSiteViewController.m in Sources */,
				B54EFAA1133C7CB500CE8F87 /* WSClient.m in Sources */,
				B5D4EFFF13726FF000FD121F /* UploadViewController.m in Sources */,
				B5E047F6137280FA00314B60 /* ParticipantListViewController.m in Sources */,
				023AF82D137A2CF600BCDEEF /* ParticipantViewController.m in Sources */,
				023AF832137A817A00BCDEEF /* HashValue.m in Sources */,
				B5031AD3138007AB005BB407 /* MBProgressHUD.m in Sources */,
				B52DE3D51380FA9F004F3692 /* PreviewViewController.m in Sources */,
				B577155F138102DD007582EF /* RecorderViewController.m in Sources */,
				B5B0EB171383AEB6000A9330 /* CTidy.m in Sources */,
				B5B0EB181383AEB6000A9330 /* NSDataAdditions.m in Sources */,
				B5B0EB191383AEB6000A9330 /* NSString+XMLExtensions.m in Sources */,
				B5B0EB1A1383AEB6000A9330 /* XMLRPCDecoder.m in Sources */,
				B5B0EB1B1383AEB6000A9330 /* XMLRPCEncoder.m in Sources */,
				B5B0EB1C1383AEB6000A9330 /* XMLRPCExtensions.m in Sources */,
				B5B0EB1D1383AEB6000A9330 /* XMLRPCRequest.m in Sources */,
				B5B0EB1E1383AEB6000A9330 /* XMLRPCResponse.m in Sources */,
				B5B0EB1F1383AEB6000A9330 /* XMLValueDecoder.m in Sources */,
				B56983CC13896648003FECD2 /* WebViewController.m in Sources */,
				B5A6C65C1389792A007B46F0 /* MoodleStyleSheet.m in Sources */,
				B5DABB22138E2BF6004AE472 /* CoursesViewController.m in Sources */,
				B5DABB23138E2BF6004AE472 /* SitesViewController.m in Sources */,
				B5DABB24138E2BF6004AE472 /* SyncViewController.m in Sources */,
				B5DABB28138E2C2A004AE472 /* MoodleSite.m in Sources */,
				B5DABB2B138E2C30004AE472 /* Participant.m in Sources */,
				B5DABB39138E57CF004AE472 /* MoodleImagePickerController.m in Sources */,
				B54F75BE1393672300C95039 /* CDataScanner.m in Sources */,
				B54F75BF1393672300C95039 /* CDataScanner_Extensions.m in Sources */,
				B54F75C01393672300C95039 /* NSDictionary_JSONExtensions.m in Sources */,
				B54F75C11393672300C95039 /* CJSONDeserializer.m in Sources */,
				B54F75C21393672300C95039 /* CJSONScanner.m in Sources */,
				B54F75C31393672300C95039 /* CJSONSerializer.m in Sources */,
				B54F75C913937B8000C95039 /* MoodleMedia.m in Sources */,
				B51EC3DA1394BBA40048C866 /* ASIAuthenticationDialog.m in Sources */,
				B51EC3DB1394BBA40048C866 /* ASIDataCompressor.m in Sources */,
				B51EC3DC1394BBA40048C866 /* ASIDataDecompressor.m in Sources */,
				B51EC3DD1394BBA40048C866 /* ASIDownloadCache.m in Sources */,
				B51EC3DE1394BBA40048C866 /* ASIFormDataRequest.m in Sources */,
				B51EC3DF1394BBA40048C866 /* ASIHTTPRequest.m in Sources */,
				B51EC3E01394BBA40048C866 /* ASIInputStream.m in Sources */,
				B51EC3E11394BBA40048C866 /* ASINetworkQueue.m in Sources */,
				B51EC3E41394BBD30048C866 /* Reachability.m in Sources */,
				B53FAB5C1398C06B008206EA /* MoodleJob.m in Sources */,
			);
			runOnlyForDeploymentPostprocessing = 0;
		};
		02618A311331A582008D3037 /* Sources */ = {
			isa = PBXSourcesBuildPhase;
			buildActionMask = 2147483647;
			files = (
				02618A471331A582008D3037 /* MoodleTests.m in Sources */,
			);
			runOnlyForDeploymentPostprocessing = 0;
		};
/* End PBXSourcesBuildPhase section */

/* Begin PBXTargetDependency section */
		02618A3C1331A582008D3037 /* PBXTargetDependency */ = {
			isa = PBXTargetDependency;
			target = 02618A0C1331A581008D3037 /* Moodle */;
			targetProxy = 02618A3B1331A582008D3037 /* PBXContainerItemProxy */;
		};
		3201088596B4756681693701 /* PBXTargetDependency */ = {
			isa = PBXTargetDependency;
			name = Three20UICommon;
			targetProxy = 3201088596B4756681693702 /* PBXContainerItemProxy */;
		};
		320A2827FEC940B25BC42C61 /* PBXTargetDependency */ = {
			isa = PBXTargetDependency;
			name = Three20Core;
			targetProxy = 320A2827FEC940B25BC42C62 /* PBXContainerItemProxy */;
		};
		320A5A189C235877202780D1 /* PBXTargetDependency */ = {
			isa = PBXTargetDependency;
			name = Three20Network;
			targetProxy = 320A5A189C235877202780D2 /* PBXContainerItemProxy */;
		};
		320A737074758E53BA54BE91 /* PBXTargetDependency */ = {
			isa = PBXTargetDependency;
			name = Three20UINavigator;
			targetProxy = 320A737074758E53BA54BE92 /* PBXContainerItemProxy */;
		};
		320CC833B8AF0ACFD35E6221 /* PBXTargetDependency */ = {
			isa = PBXTargetDependency;
			name = Three20Style;
			targetProxy = 320CC833B8AF0ACFD35E6222 /* PBXContainerItemProxy */;
		};
		320D7DCCE32703ACAB9A45E1 /* PBXTargetDependency */ = {
			isa = PBXTargetDependency;
			name = Three20;
			targetProxy = 320D7DCCE32703ACAB9A45E2 /* PBXContainerItemProxy */;
		};
		320F2C48872C2E2C4DF86201 /* PBXTargetDependency */ = {
			isa = PBXTargetDependency;
			name = Three20UI;
			targetProxy = 320F2C48872C2E2C4DF86202 /* PBXContainerItemProxy */;
		};
/* End PBXTargetDependency section */

/* Begin PBXVariantGroup section */
		0246A69413370B8B007BD281 /* Localizable.strings */ = {
			isa = PBXVariantGroup;
			children = (
				0246A69513370B8B007BD281 /* en */,
				0246A69713370B96007BD281 /* fr */,
			);
			name = Localizable.strings;
			sourceTree = "<group>";
		};
		02618A1C1331A581008D3037 /* InfoPlist.strings */ = {
			isa = PBXVariantGroup;
			children = (
				02618A1D1331A581008D3037 /* en */,
			);
			name = InfoPlist.strings;
			sourceTree = "<group>";
		};
		02618A401331A582008D3037 /* InfoPlist.strings */ = {
			isa = PBXVariantGroup;
			children = (
				02618A411331A582008D3037 /* en */,
			);
			name = InfoPlist.strings;
			sourceTree = "<group>";
		};
/* End PBXVariantGroup section */

/* Begin XCBuildConfiguration section */
		02618A481331A582008D3037 /* Debug */ = {
			isa = XCBuildConfiguration;
			buildSettings = {
				ARCHS = "$(ARCHS_STANDARD_32_BIT)";
				"CODE_SIGN_IDENTITY[sdk=iphoneos*]" = "iPhone Developer";
				GCC_C_LANGUAGE_STANDARD = gnu99;
				GCC_OPTIMIZATION_LEVEL = 0;
				GCC_PREPROCESSOR_DEFINITIONS = DEBUG;
				GCC_SYMBOLS_PRIVATE_EXTERN = NO;
				GCC_VERSION = com.apple.compilers.llvmgcc42;
				GCC_WARN_ABOUT_RETURN_TYPE = YES;
				GCC_WARN_UNUSED_VARIABLE = YES;
				HEADER_SEARCH_PATHS = (
					"$(BUILT_PRODUCTS_DIR)/../three20",
					"$(BUILT_PRODUCTS_DIR)/../../three20",
					../three20/Build/Products/three20,
				);
				IPHONEOS_DEPLOYMENT_TARGET = 4.0;
				OTHER_LDFLAGS = "-ObjC";
				SDKROOT = iphoneos;
			};
			name = Debug;
		};
		02618A491331A582008D3037 /* Release */ = {
			isa = XCBuildConfiguration;
			buildSettings = {
				ARCHS = "$(ARCHS_STANDARD_32_BIT)";
				"CODE_SIGN_IDENTITY[sdk=iphoneos*]" = "iPhone Developer";
				GCC_C_LANGUAGE_STANDARD = gnu99;
				GCC_VERSION = com.apple.compilers.llvmgcc42;
				GCC_WARN_ABOUT_RETURN_TYPE = YES;
				GCC_WARN_UNUSED_VARIABLE = YES;
				HEADER_SEARCH_PATHS = (
					"$(BUILT_PRODUCTS_DIR)/../three20",
					"$(BUILT_PRODUCTS_DIR)/../../three20",
					../three20/Build/Products/three20,
				);
				IPHONEOS_DEPLOYMENT_TARGET = 4.0;
				OTHER_CFLAGS = "-DNS_BLOCK_ASSERTIONS=1";
				OTHER_LDFLAGS = "-ObjC";
				SDKROOT = iphoneos;
			};
			name = Release;
		};
		02618A4B1331A582008D3037 /* Debug */ = {
			isa = XCBuildConfiguration;
			buildSettings = {
				ALWAYS_SEARCH_USER_PATHS = NO;
				COPY_PHASE_STRIP = NO;
				GCC_DYNAMIC_NO_PIC = NO;
				GCC_PRECOMPILE_PREFIX_HEADER = NO;
				GCC_PREFIX_HEADER = "Moodle/Moodle-Prefix.pch";
				INFOPLIST_FILE = "Moodle/Moodle-Info.plist";
				IPHONEOS_DEPLOYMENT_TARGET = 4.0;
				PRODUCT_NAME = "$(TARGET_NAME)";
				TARGETED_DEVICE_FAMILY = "1,2";
				WRAPPER_EXTENSION = app;
			};
			name = Debug;
		};
		02618A4C1331A582008D3037 /* Release */ = {
			isa = XCBuildConfiguration;
			buildSettings = {
				ALWAYS_SEARCH_USER_PATHS = NO;
				COPY_PHASE_STRIP = YES;
				GCC_PRECOMPILE_PREFIX_HEADER = NO;
				GCC_PREFIX_HEADER = "Moodle/Moodle-Prefix.pch";
				INFOPLIST_FILE = "Moodle/Moodle-Info.plist";
				IPHONEOS_DEPLOYMENT_TARGET = 4.0;
				PRODUCT_NAME = "$(TARGET_NAME)";
				TARGETED_DEVICE_FAMILY = "1,2";
				VALIDATE_PRODUCT = YES;
				WRAPPER_EXTENSION = app;
			};
			name = Release;
		};
		02618A4E1331A582008D3037 /* Debug */ = {
			isa = XCBuildConfiguration;
			buildSettings = {
				ALWAYS_SEARCH_USER_PATHS = NO;
				BUNDLE_LOADER = "$(BUILT_PRODUCTS_DIR)/Moodle.app/Moodle";
				FRAMEWORK_SEARCH_PATHS = (
					"$(SDKROOT)/Developer/Library/Frameworks",
					"$(DEVELOPER_LIBRARY_DIR)/Frameworks",
				);
				GCC_PRECOMPILE_PREFIX_HEADER = YES;
				GCC_PREFIX_HEADER = "MoodleTests/MoodleTests-Prefix.pch";
				INFOPLIST_FILE = "MoodleTests/MoodleTests-Info.plist";
				OTHER_LDFLAGS = (
					"-framework",
					SenTestingKit,
				);
				PRODUCT_NAME = "$(TARGET_NAME)";
				TEST_HOST = "$(BUNDLE_LOADER)";
				WRAPPER_EXTENSION = octest;
			};
			name = Debug;
		};
		02618A4F1331A582008D3037 /* Release */ = {
			isa = XCBuildConfiguration;
			buildSettings = {
				ALWAYS_SEARCH_USER_PATHS = NO;
				BUNDLE_LOADER = "$(BUILT_PRODUCTS_DIR)/Moodle.app/Moodle";
				FRAMEWORK_SEARCH_PATHS = (
					"$(SDKROOT)/Developer/Library/Frameworks",
					"$(DEVELOPER_LIBRARY_DIR)/Frameworks",
				);
				GCC_PRECOMPILE_PREFIX_HEADER = YES;
				GCC_PREFIX_HEADER = "MoodleTests/MoodleTests-Prefix.pch";
				INFOPLIST_FILE = "MoodleTests/MoodleTests-Info.plist";
				OTHER_LDFLAGS = (
					"-framework",
					SenTestingKit,
				);
				PRODUCT_NAME = "$(TARGET_NAME)";
				TEST_HOST = "$(BUNDLE_LOADER)";
				WRAPPER_EXTENSION = octest;
			};
			name = Release;
		};
/* End XCBuildConfiguration section */

/* Begin XCConfigurationList section */
		02618A071331A581008D3037 /* Build configuration list for PBXProject "Moodle" */ = {
			isa = XCConfigurationList;
			buildConfigurations = (
				02618A481331A582008D3037 /* Debug */,
				02618A491331A582008D3037 /* Release */,
			);
			defaultConfigurationIsVisible = 0;
			defaultConfigurationName = Debug;
		};
		02618A4A1331A582008D3037 /* Build configuration list for PBXNativeTarget "Moodle" */ = {
			isa = XCConfigurationList;
			buildConfigurations = (
				02618A4B1331A582008D3037 /* Debug */,
				02618A4C1331A582008D3037 /* Release */,
			);
			defaultConfigurationIsVisible = 0;
			defaultConfigurationName = Debug;
		};
		02618A4D1331A582008D3037 /* Build configuration list for PBXNativeTarget "MoodleTests" */ = {
			isa = XCConfigurationList;
			buildConfigurations = (
				02618A4E1331A582008D3037 /* Debug */,
				02618A4F1331A582008D3037 /* Release */,
			);
			defaultConfigurationIsVisible = 0;
			defaultConfigurationName = Debug;
		};
/* End XCConfigurationList section */

/* Begin XCVersionGroup section */
		02618A251331A582008D3037 /* Moodle.xcdatamodeld */ = {
			isa = XCVersionGroup;
			children = (
				02618A261331A582008D3037 /* Moodle.xcdatamodel */,
			);
			currentVersion = 02618A261331A582008D3037 /* Moodle.xcdatamodel */;
			path = Moodle.xcdatamodeld;
			sourceTree = "<group>";
			versionGroupType = wrapper.xcdatamodel;
		};
/* End XCVersionGroup section */
	};
	rootObject = 02618A041331A581008D3037 /* Project object */;
}
