// !$*UTF8*$!
{
	archiveVersion = 1;
	classes = {
	};
	objectVersion = 46;
	objects = {

/* Begin PBXBuildFile section */
		020E06CE134EA99A0076B4BA /* icon.png in Resources */ = {isa = PBXBuildFile; fileRef = 020E06CD134EA99A0076B4BA /* icon.png */; };
		020E06D0134EA9A20076B4BA /* iconhd.png in Resources */ = {isa = PBXBuildFile; fileRef = 020E06CF134EA9A20076B4BA /* iconhd.png */; };
		020E06D2134EAD060076B4BA /* SettingsSiteViewController.xib in Resources */ = {isa = PBXBuildFile; fileRef = 020E06D1134EAD060076B4BA /* SettingsSiteViewController.xib */; };
		020E06D4134EDD390076B4BA /* button_red.png in Resources */ = {isa = PBXBuildFile; fileRef = 020E06D3134EDD390076B4BA /* button_red.png */; };
		0210918F1339ECF700CFE9F7 /* checkmark.png in Resources */ = {isa = PBXBuildFile; fileRef = 0210918E1339ECF700CFE9F7 /* checkmark.png */; };
		0246A67B1336ECBE007BD281 /* SettingsViewController.m in Sources */ = {isa = PBXBuildFile; fileRef = 0246A67A1336ECBE007BD281 /* SettingsViewController.m */; };
		0246A6851336FA11007BD281 /* SettingsSiteViewController.m in Sources */ = {isa = PBXBuildFile; fileRef = 0246A6841336FA10007BD281 /* SettingsSiteViewController.m */; };
		0246A69613370B8B007BD281 /* Localizable.strings in Resources */ = {isa = PBXBuildFile; fileRef = 0246A69413370B8B007BD281 /* Localizable.strings */; };
		02618A121331A581008D3037 /* UIKit.framework in Frameworks */ = {isa = PBXBuildFile; fileRef = 02618A111331A581008D3037 /* UIKit.framework */; };
		02618A141331A581008D3037 /* Foundation.framework in Frameworks */ = {isa = PBXBuildFile; fileRef = 02618A131331A581008D3037 /* Foundation.framework */; };
		02618A161331A581008D3037 /* CoreGraphics.framework in Frameworks */ = {isa = PBXBuildFile; fileRef = 02618A151331A581008D3037 /* CoreGraphics.framework */; };
		02618A181331A581008D3037 /* CoreData.framework in Frameworks */ = {isa = PBXBuildFile; fileRef = 02618A171331A581008D3037 /* CoreData.framework */; };
		02618A1E1331A581008D3037 /* InfoPlist.strings in Resources */ = {isa = PBXBuildFile; fileRef = 02618A1C1331A581008D3037 /* InfoPlist.strings */; };
		02618A211331A581008D3037 /* main.m in Sources */ = {isa = PBXBuildFile; fileRef = 02618A201331A581008D3037 /* main.m */; };
		02618A241331A581008D3037 /* MoodleAppDelegate.m in Sources */ = {isa = PBXBuildFile; fileRef = 02618A231331A581008D3037 /* MoodleAppDelegate.m */; };
		02618A271331A582008D3037 /* Moodle.xcdatamodeld in Sources */ = {isa = PBXBuildFile; fileRef = 02618A251331A582008D3037 /* Moodle.xcdatamodeld */; };
		02618A2A1331A582008D3037 /* MainWindow.xib in Resources */ = {isa = PBXBuildFile; fileRef = 02618A281331A582008D3037 /* MainWindow.xib */; };
		02618A2D1331A582008D3037 /* RootViewController.m in Sources */ = {isa = PBXBuildFile; fileRef = 02618A2C1331A582008D3037 /* RootViewController.m */; };
		02618A371331A582008D3037 /* UIKit.framework in Frameworks */ = {isa = PBXBuildFile; fileRef = 02618A111331A581008D3037 /* UIKit.framework */; };
		02618A381331A582008D3037 /* Foundation.framework in Frameworks */ = {isa = PBXBuildFile; fileRef = 02618A131331A581008D3037 /* Foundation.framework */; };
		02618A391331A582008D3037 /* CoreGraphics.framework in Frameworks */ = {isa = PBXBuildFile; fileRef = 02618A151331A581008D3037 /* CoreGraphics.framework */; };
		02618A3A1331A582008D3037 /* CoreData.framework in Frameworks */ = {isa = PBXBuildFile; fileRef = 02618A171331A581008D3037 /* CoreData.framework */; };
		02618A421331A582008D3037 /* InfoPlist.strings in Resources */ = {isa = PBXBuildFile; fileRef = 02618A401331A582008D3037 /* InfoPlist.strings */; };
		02618A451331A582008D3037 /* MoodleTests.h in Resources */ = {isa = PBXBuildFile; fileRef = 02618A441331A582008D3037 /* MoodleTests.h */; };
		02618A471331A582008D3037 /* MoodleTests.m in Sources */ = {isa = PBXBuildFile; fileRef = 02618A461331A582008D3037 /* MoodleTests.m */; };
		026C426E134EEC2C00BBFDB1 /* redbutton.png in Resources */ = {isa = PBXBuildFile; fileRef = 026C426D134EEC2C00BBFDB1 /* redbutton.png */; };
		02A0F5D71352AA4200FAD4D4 /* moon.png in Resources */ = {isa = PBXBuildFile; fileRef = 02A0F5D61352AA4100FAD4D4 /* moon.png */; };
		02A0F5D81352AD7A00FAD4D4 /* RootViewController.xib in Resources */ = {isa = PBXBuildFile; fileRef = 02A0F5DA1352AD7A00FAD4D4 /* RootViewController.xib */; };
		02A0F5E61352B3B300FAD4D4 /* ParticipantsViewController.m in Sources */ = {isa = PBXBuildFile; fileRef = 02A0F5E51352B3B300FAD4D4 /* ParticipantsViewController.m */; };
		B54EFAA1133C7CB500CE8F87 /* WSClient.m in Sources */ = {isa = PBXBuildFile; fileRef = B54EFAA0133C7CB500CE8F87 /* WSClient.m */; };
		B57CD153133C785D00CCB81A /* libz.1.2.3.dylib in Frameworks */ = {isa = PBXBuildFile; fileRef = B57CD152133C785D00CCB81A /* libz.1.2.3.dylib */; };
		B57CD156133C787F00CCB81A /* CFNetwork.framework in Frameworks */ = {isa = PBXBuildFile; fileRef = B57CD155133C787F00CCB81A /* CFNetwork.framework */; };
		B57CD158133C788900CCB81A /* MobileCoreServices.framework in Frameworks */ = {isa = PBXBuildFile; fileRef = B57CD157133C788900CCB81A /* MobileCoreServices.framework */; };
		B57CD15A133C78BE00CCB81A /* SystemConfiguration.framework in Frameworks */ = {isa = PBXBuildFile; fileRef = B57CD159133C78BE00CCB81A /* SystemConfiguration.framework */; };
		B57CD16E133C793400CCB81A /* Reachability.m in Sources */ = {isa = PBXBuildFile; fileRef = B57CD15F133C793400CCB81A /* Reachability.m */; };
		B57CD16F133C793400CCB81A /* ASIHTTPRequest.m in Sources */ = {isa = PBXBuildFile; fileRef = B57CD160133C793400CCB81A /* ASIHTTPRequest.m */; };
		B57CD170133C793400CCB81A /* ASIAuthenticationDialog.m in Sources */ = {isa = PBXBuildFile; fileRef = B57CD162133C793400CCB81A /* ASIAuthenticationDialog.m */; };
		B57CD171133C793400CCB81A /* ASIDataCompressor.m in Sources */ = {isa = PBXBuildFile; fileRef = B57CD164133C793400CCB81A /* ASIDataCompressor.m */; };
		B57CD172133C793400CCB81A /* ASIDataDecompressor.m in Sources */ = {isa = PBXBuildFile; fileRef = B57CD166133C793400CCB81A /* ASIDataDecompressor.m */; };
		B57CD173133C793400CCB81A /* ASIInputStream.m in Sources */ = {isa = PBXBuildFile; fileRef = B57CD168133C793400CCB81A /* ASIInputStream.m */; };
		B57CD184133C794200CCB81A /* XMLRPCDecoder.m in Sources */ = {isa = PBXBuildFile; fileRef = B57CD175133C794200CCB81A /* XMLRPCDecoder.m */; };
		B57CD185133C794200CCB81A /* XMLValueDecoder.m in Sources */ = {isa = PBXBuildFile; fileRef = B57CD177133C794200CCB81A /* XMLValueDecoder.m */; };
		B57CD186133C794200CCB81A /* CTidy.m in Sources */ = {isa = PBXBuildFile; fileRef = B57CD179133C794200CCB81A /* CTidy.m */; };
		B57CD187133C794200CCB81A /* XMLRPCResponse.m in Sources */ = {isa = PBXBuildFile; fileRef = B57CD17B133C794200CCB81A /* XMLRPCResponse.m */; };
		B57CD188133C794200CCB81A /* XMLRPCEncoder.m in Sources */ = {isa = PBXBuildFile; fileRef = B57CD17D133C794200CCB81A /* XMLRPCEncoder.m */; };
		B57CD189133C794200CCB81A /* XMLRPCExtensions.m in Sources */ = {isa = PBXBuildFile; fileRef = B57CD17F133C794200CCB81A /* XMLRPCExtensions.m */; };
		B57CD18A133C794200CCB81A /* NSString+XMLExtensions.m in Sources */ = {isa = PBXBuildFile; fileRef = B57CD181133C794200CCB81A /* NSString+XMLExtensions.m */; };
		B57CD18B133C794200CCB81A /* XMLRPCRequest.m in Sources */ = {isa = PBXBuildFile; fileRef = B57CD183133C794200CCB81A /* XMLRPCRequest.m */; };
		B5DFA1AB135405A2001389DF /* NSDataAdditions.m in Sources */ = {isa = PBXBuildFile; fileRef = B5DFA1AA135405A2001389DF /* NSDataAdditions.m */; };
		B5F193521354444A00F45441 /* view_bg.jpg in Resources */ = {isa = PBXBuildFile; fileRef = B5F193511354444A00F45441 /* view_bg.jpg */; };
		B5F193631354499600F45441 /* Settings.png in Resources */ = {isa = PBXBuildFile; fileRef = B5F193621354499600F45441 /* Settings.png */; };
		B5F19365135449A300F45441 /* Calendar.png in Resources */ = {isa = PBXBuildFile; fileRef = B5F19364135449A300F45441 /* Calendar.png */; };
		B5F19367135449AC00F45441 /* Contacts.png in Resources */ = {isa = PBXBuildFile; fileRef = B5F19366135449AC00F45441 /* Contacts.png */; };
		B5F19369135449E600F45441 /* Photos.png in Resources */ = {isa = PBXBuildFile; fileRef = B5F19368135449E600F45441 /* Photos.png */; };
		B5F1936B13544AD000F45441 /* Text.png in Resources */ = {isa = PBXBuildFile; fileRef = B5F1936A13544AD000F45441 /* Text.png */; };
/* End PBXBuildFile section */

/* Begin PBXContainerItemProxy section */
		02618A3B1331A582008D3037 /* PBXContainerItemProxy */ = {
			isa = PBXContainerItemProxy;
			containerPortal = 02618A041331A581008D3037 /* Project object */;
			proxyType = 1;
			remoteGlobalIDString = 02618A0C1331A581008D3037;
			remoteInfo = Moodle;
		};
/* End PBXContainerItemProxy section */

/* Begin PBXFileReference section */
		020E06C7134D9D6C0076B4BA /* Config.h */ = {isa = PBXFileReference; fileEncoding = 4; lastKnownFileType = sourcecode.c.h; path = Config.h; sourceTree = "<group>"; };
		020E06CD134EA99A0076B4BA /* icon.png */ = {isa = PBXFileReference; lastKnownFileType = image.png; name = icon.png; path = ../icon.png; sourceTree = "<group>"; };
		020E06CF134EA9A20076B4BA /* iconhd.png */ = {isa = PBXFileReference; lastKnownFileType = image.png; name = iconhd.png; path = ../iconhd.png; sourceTree = "<group>"; };
		020E06D1134EAD060076B4BA /* SettingsSiteViewController.xib */ = {isa = PBXFileReference; fileEncoding = 4; lastKnownFileType = file.xib; path = SettingsSiteViewController.xib; sourceTree = "<group>"; };
		020E06D3134EDD390076B4BA /* button_red.png */ = {isa = PBXFileReference; lastKnownFileType = image.png; path = button_red.png; sourceTree = "<group>"; };
		0210918E1339ECF700CFE9F7 /* checkmark.png */ = {isa = PBXFileReference; lastKnownFileType = image.png; path = checkmark.png; sourceTree = "<group>"; };
		0246A6791336ECBE007BD281 /* SettingsViewController.h */ = {isa = PBXFileReference; fileEncoding = 4; lastKnownFileType = sourcecode.c.h; path = SettingsViewController.h; sourceTree = "<group>"; };
		0246A67A1336ECBE007BD281 /* SettingsViewController.m */ = {isa = PBXFileReference; fileEncoding = 4; lastKnownFileType = sourcecode.c.objc; path = SettingsViewController.m; sourceTree = "<group>"; };
		0246A6831336FA10007BD281 /* SettingsSiteViewController.h */ = {isa = PBXFileReference; fileEncoding = 4; lastKnownFileType = sourcecode.c.h; path = SettingsSiteViewController.h; sourceTree = "<group>"; };
		0246A6841336FA10007BD281 /* SettingsSiteViewController.m */ = {isa = PBXFileReference; fileEncoding = 4; lastKnownFileType = sourcecode.c.objc; path = SettingsSiteViewController.m; sourceTree = "<group>"; };
		0246A69513370B8B007BD281 /* en */ = {isa = PBXFileReference; lastKnownFileType = text.plist.strings; name = en; path = en.lproj/Localizable.strings; sourceTree = "<group>"; };
		0246A69713370B96007BD281 /* fr */ = {isa = PBXFileReference; lastKnownFileType = text.plist.strings; name = fr; path = fr.lproj/Localizable.strings; sourceTree = "<group>"; };
		02618A0D1331A581008D3037 /* Moodle.app */ = {isa = PBXFileReference; explicitFileType = wrapper.application; includeInIndex = 0; path = Moodle.app; sourceTree = BUILT_PRODUCTS_DIR; };
		02618A111331A581008D3037 /* UIKit.framework */ = {isa = PBXFileReference; lastKnownFileType = wrapper.framework; name = UIKit.framework; path = System/Library/Frameworks/UIKit.framework; sourceTree = SDKROOT; };
		02618A131331A581008D3037 /* Foundation.framework */ = {isa = PBXFileReference; lastKnownFileType = wrapper.framework; name = Foundation.framework; path = System/Library/Frameworks/Foundation.framework; sourceTree = SDKROOT; };
		02618A151331A581008D3037 /* CoreGraphics.framework */ = {isa = PBXFileReference; lastKnownFileType = wrapper.framework; name = CoreGraphics.framework; path = System/Library/Frameworks/CoreGraphics.framework; sourceTree = SDKROOT; };
		02618A171331A581008D3037 /* CoreData.framework */ = {isa = PBXFileReference; lastKnownFileType = wrapper.framework; name = CoreData.framework; path = System/Library/Frameworks/CoreData.framework; sourceTree = SDKROOT; };
		02618A1B1331A581008D3037 /* Moodle-Info.plist */ = {isa = PBXFileReference; lastKnownFileType = text.plist.xml; path = "Moodle-Info.plist"; sourceTree = "<group>"; };
		02618A1D1331A581008D3037 /* en */ = {isa = PBXFileReference; lastKnownFileType = text.plist.strings; name = en; path = en.lproj/InfoPlist.strings; sourceTree = "<group>"; };
		02618A1F1331A581008D3037 /* Moodle-Prefix.pch */ = {isa = PBXFileReference; lastKnownFileType = sourcecode.c.h; path = "Moodle-Prefix.pch"; sourceTree = "<group>"; };
		02618A201331A581008D3037 /* main.m */ = {isa = PBXFileReference; lastKnownFileType = sourcecode.c.objc; path = main.m; sourceTree = "<group>"; };
		02618A221331A581008D3037 /* MoodleAppDelegate.h */ = {isa = PBXFileReference; lastKnownFileType = sourcecode.c.h; path = MoodleAppDelegate.h; sourceTree = "<group>"; };
		02618A231331A581008D3037 /* MoodleAppDelegate.m */ = {isa = PBXFileReference; lastKnownFileType = sourcecode.c.objc; path = MoodleAppDelegate.m; sourceTree = "<group>"; };
		02618A261331A582008D3037 /* Moodle.xcdatamodel */ = {isa = PBXFileReference; lastKnownFileType = wrapper.xcdatamodel; path = Moodle.xcdatamodel; sourceTree = "<group>"; };
		02618A291331A582008D3037 /* en */ = {isa = PBXFileReference; lastKnownFileType = file.xib; name = en; path = en.lproj/MainWindow.xib; sourceTree = "<group>"; };
		02618A2B1331A582008D3037 /* RootViewController.h */ = {isa = PBXFileReference; fileEncoding = 4; lastKnownFileType = sourcecode.c.h; path = RootViewController.h; sourceTree = "<group>"; };
		02618A2C1331A582008D3037 /* RootViewController.m */ = {isa = PBXFileReference; fileEncoding = 4; lastKnownFileType = sourcecode.c.objc; path = RootViewController.m; sourceTree = "<group>"; };
		02618A361331A582008D3037 /* MoodleTests.octest */ = {isa = PBXFileReference; explicitFileType = wrapper.cfbundle; includeInIndex = 0; path = MoodleTests.octest; sourceTree = BUILT_PRODUCTS_DIR; };
		02618A3F1331A582008D3037 /* MoodleTests-Info.plist */ = {isa = PBXFileReference; lastKnownFileType = text.plist.xml; path = "MoodleTests-Info.plist"; sourceTree = "<group>"; };
		02618A411331A582008D3037 /* en */ = {isa = PBXFileReference; lastKnownFileType = text.plist.strings; name = en; path = en.lproj/InfoPlist.strings; sourceTree = "<group>"; };
		02618A431331A582008D3037 /* MoodleTests-Prefix.pch */ = {isa = PBXFileReference; lastKnownFileType = sourcecode.c.h; path = "MoodleTests-Prefix.pch"; sourceTree = "<group>"; };
		02618A441331A582008D3037 /* MoodleTests.h */ = {isa = PBXFileReference; lastKnownFileType = sourcecode.c.h; path = MoodleTests.h; sourceTree = "<group>"; };
		02618A461331A582008D3037 /* MoodleTests.m */ = {isa = PBXFileReference; lastKnownFileType = sourcecode.c.objc; path = MoodleTests.m; sourceTree = "<group>"; };
		026C426D134EEC2C00BBFDB1 /* redbutton.png */ = {isa = PBXFileReference; lastKnownFileType = image.png; path = redbutton.png; sourceTree = "<group>"; };
		02A0F5D61352AA4100FAD4D4 /* moon.png */ = {isa = PBXFileReference; lastKnownFileType = image.png; path = moon.png; sourceTree = "<group>"; };
		02A0F5D91352AD7A00FAD4D4 /* en */ = {isa = PBXFileReference; lastKnownFileType = file.xib; name = en; path = en.lproj/RootViewController.xib; sourceTree = "<group>"; };
		02A0F5DB1352AD9900FAD4D4 /* fr */ = {isa = PBXFileReference; lastKnownFileType = file.xib; name = fr; path = fr.lproj/RootViewController.xib; sourceTree = "<group>"; };
		02A0F5E41352B3B300FAD4D4 /* ParticipantsViewController.h */ = {isa = PBXFileReference; fileEncoding = 4; lastKnownFileType = sourcecode.c.h; path = ParticipantsViewController.h; sourceTree = "<group>"; };
		02A0F5E51352B3B300FAD4D4 /* ParticipantsViewController.m */ = {isa = PBXFileReference; fileEncoding = 4; lastKnownFileType = sourcecode.c.objc; path = ParticipantsViewController.m; sourceTree = "<group>"; };
		B54EFA9F133C7CB500CE8F87 /* WSClient.h */ = {isa = PBXFileReference; fileEncoding = 4; lastKnownFileType = sourcecode.c.h; path = WSClient.h; sourceTree = "<group>"; };
		B54EFAA0133C7CB500CE8F87 /* WSClient.m */ = {isa = PBXFileReference; fileEncoding = 4; lastKnownFileType = sourcecode.c.objc; path = WSClient.m; sourceTree = "<group>"; };
		B57CD152133C785D00CCB81A /* libz.1.2.3.dylib */ = {isa = PBXFileReference; lastKnownFileType = "compiled.mach-o.dylib"; name = libz.1.2.3.dylib; path = usr/lib/libz.1.2.3.dylib; sourceTree = SDKROOT; };
		B57CD155133C787F00CCB81A /* CFNetwork.framework */ = {isa = PBXFileReference; lastKnownFileType = wrapper.framework; name = CFNetwork.framework; path = System/Library/Frameworks/CFNetwork.framework; sourceTree = SDKROOT; };
		B57CD157133C788900CCB81A /* MobileCoreServices.framework */ = {isa = PBXFileReference; lastKnownFileType = wrapper.framework; name = MobileCoreServices.framework; path = System/Library/Frameworks/MobileCoreServices.framework; sourceTree = SDKROOT; };
		B57CD159133C78BE00CCB81A /* SystemConfiguration.framework */ = {isa = PBXFileReference; lastKnownFileType = wrapper.framework; name = SystemConfiguration.framework; path = System/Library/Frameworks/SystemConfiguration.framework; sourceTree = SDKROOT; };
		B57CD15E133C793400CCB81A /* Reachability.h */ = {isa = PBXFileReference; fileEncoding = 4; lastKnownFileType = sourcecode.c.h; path = Reachability.h; sourceTree = "<group>"; };
		B57CD15F133C793400CCB81A /* Reachability.m */ = {isa = PBXFileReference; fileEncoding = 4; lastKnownFileType = sourcecode.c.objc; path = Reachability.m; sourceTree = "<group>"; };
		B57CD160133C793400CCB81A /* ASIHTTPRequest.m */ = {isa = PBXFileReference; fileEncoding = 4; lastKnownFileType = sourcecode.c.objc; path = ASIHTTPRequest.m; sourceTree = "<group>"; };
		B57CD161133C793400CCB81A /* ASIAuthenticationDialog.h */ = {isa = PBXFileReference; fileEncoding = 4; lastKnownFileType = sourcecode.c.h; path = ASIAuthenticationDialog.h; sourceTree = "<group>"; };
		B57CD162133C793400CCB81A /* ASIAuthenticationDialog.m */ = {isa = PBXFileReference; fileEncoding = 4; lastKnownFileType = sourcecode.c.objc; path = ASIAuthenticationDialog.m; sourceTree = "<group>"; };
		B57CD163133C793400CCB81A /* ASIDataCompressor.h */ = {isa = PBXFileReference; fileEncoding = 4; lastKnownFileType = sourcecode.c.h; path = ASIDataCompressor.h; sourceTree = "<group>"; };
		B57CD164133C793400CCB81A /* ASIDataCompressor.m */ = {isa = PBXFileReference; fileEncoding = 4; lastKnownFileType = sourcecode.c.objc; path = ASIDataCompressor.m; sourceTree = "<group>"; };
		B57CD165133C793400CCB81A /* ASIDataDecompressor.h */ = {isa = PBXFileReference; fileEncoding = 4; lastKnownFileType = sourcecode.c.h; path = ASIDataDecompressor.h; sourceTree = "<group>"; };
		B57CD166133C793400CCB81A /* ASIDataDecompressor.m */ = {isa = PBXFileReference; fileEncoding = 4; lastKnownFileType = sourcecode.c.objc; path = ASIDataDecompressor.m; sourceTree = "<group>"; };
		B57CD167133C793400CCB81A /* ASIInputStream.h */ = {isa = PBXFileReference; fileEncoding = 4; lastKnownFileType = sourcecode.c.h; path = ASIInputStream.h; sourceTree = "<group>"; };
		B57CD168133C793400CCB81A /* ASIInputStream.m */ = {isa = PBXFileReference; fileEncoding = 4; lastKnownFileType = sourcecode.c.objc; path = ASIInputStream.m; sourceTree = "<group>"; };
		B57CD169133C793400CCB81A /* ASICacheDelegate.h */ = {isa = PBXFileReference; fileEncoding = 4; lastKnownFileType = sourcecode.c.h; path = ASICacheDelegate.h; sourceTree = "<group>"; };
		B57CD16A133C793400CCB81A /* ASIHTTPRequestConfig.h */ = {isa = PBXFileReference; fileEncoding = 4; lastKnownFileType = sourcecode.c.h; path = ASIHTTPRequestConfig.h; sourceTree = "<group>"; };
		B57CD16B133C793400CCB81A /* ASIHTTPRequestDelegate.h */ = {isa = PBXFileReference; fileEncoding = 4; lastKnownFileType = sourcecode.c.h; path = ASIHTTPRequestDelegate.h; sourceTree = "<group>"; };
		B57CD16C133C793400CCB81A /* ASIProgressDelegate.h */ = {isa = PBXFileReference; fileEncoding = 4; lastKnownFileType = sourcecode.c.h; path = ASIProgressDelegate.h; sourceTree = "<group>"; };
		B57CD16D133C793400CCB81A /* ASIHTTPRequest.h */ = {isa = PBXFileReference; fileEncoding = 4; lastKnownFileType = sourcecode.c.h; path = ASIHTTPRequest.h; sourceTree = "<group>"; };
		B57CD174133C794200CCB81A /* XMLRPCDecoder.h */ = {isa = PBXFileReference; fileEncoding = 4; lastKnownFileType = sourcecode.c.h; path = XMLRPCDecoder.h; sourceTree = "<group>"; };
		B57CD175133C794200CCB81A /* XMLRPCDecoder.m */ = {isa = PBXFileReference; fileEncoding = 4; lastKnownFileType = sourcecode.c.objc; path = XMLRPCDecoder.m; sourceTree = "<group>"; };
		B57CD176133C794200CCB81A /* XMLValueDecoder.h */ = {isa = PBXFileReference; fileEncoding = 4; lastKnownFileType = sourcecode.c.h; path = XMLValueDecoder.h; sourceTree = "<group>"; };
		B57CD177133C794200CCB81A /* XMLValueDecoder.m */ = {isa = PBXFileReference; fileEncoding = 4; lastKnownFileType = sourcecode.c.objc; path = XMLValueDecoder.m; sourceTree = "<group>"; };
		B57CD178133C794200CCB81A /* CTidy.h */ = {isa = PBXFileReference; fileEncoding = 4; lastKnownFileType = sourcecode.c.h; path = CTidy.h; sourceTree = "<group>"; };
		B57CD179133C794200CCB81A /* CTidy.m */ = {isa = PBXFileReference; fileEncoding = 4; lastKnownFileType = sourcecode.c.objc; path = CTidy.m; sourceTree = "<group>"; };
		B57CD17A133C794200CCB81A /* XMLRPCResponse.h */ = {isa = PBXFileReference; fileEncoding = 4; lastKnownFileType = sourcecode.c.h; path = XMLRPCResponse.h; sourceTree = "<group>"; };
		B57CD17B133C794200CCB81A /* XMLRPCResponse.m */ = {isa = PBXFileReference; fileEncoding = 4; lastKnownFileType = sourcecode.c.objc; path = XMLRPCResponse.m; sourceTree = "<group>"; };
		B57CD17C133C794200CCB81A /* XMLRPCEncoder.h */ = {isa = PBXFileReference; fileEncoding = 4; lastKnownFileType = sourcecode.c.h; path = XMLRPCEncoder.h; sourceTree = "<group>"; };
		B57CD17D133C794200CCB81A /* XMLRPCEncoder.m */ = {isa = PBXFileReference; fileEncoding = 4; lastKnownFileType = sourcecode.c.objc; path = XMLRPCEncoder.m; sourceTree = "<group>"; };
		B57CD17E133C794200CCB81A /* XMLRPCExtensions.h */ = {isa = PBXFileReference; fileEncoding = 4; lastKnownFileType = sourcecode.c.h; path = XMLRPCExtensions.h; sourceTree = "<group>"; };
		B57CD17F133C794200CCB81A /* XMLRPCExtensions.m */ = {isa = PBXFileReference; fileEncoding = 4; lastKnownFileType = sourcecode.c.objc; path = XMLRPCExtensions.m; sourceTree = "<group>"; };
		B57CD180133C794200CCB81A /* NSString+XMLExtensions.h */ = {isa = PBXFileReference; fileEncoding = 4; lastKnownFileType = sourcecode.c.h; path = "NSString+XMLExtensions.h"; sourceTree = "<group>"; };
		B57CD181133C794200CCB81A /* NSString+XMLExtensions.m */ = {isa = PBXFileReference; fileEncoding = 4; lastKnownFileType = sourcecode.c.objc; path = "NSString+XMLExtensions.m"; sourceTree = "<group>"; };
		B57CD182133C794200CCB81A /* XMLRPCRequest.h */ = {isa = PBXFileReference; fileEncoding = 4; lastKnownFileType = sourcecode.c.h; path = XMLRPCRequest.h; sourceTree = "<group>"; };
		B57CD183133C794200CCB81A /* XMLRPCRequest.m */ = {isa = PBXFileReference; fileEncoding = 4; lastKnownFileType = sourcecode.c.objc; path = XMLRPCRequest.m; sourceTree = "<group>"; };
		B5DFA1A9135405A2001389DF /* NSDataAdditions.h */ = {isa = PBXFileReference; fileEncoding = 4; lastKnownFileType = sourcecode.c.h; path = NSDataAdditions.h; sourceTree = "<group>"; };
		B5DFA1AA135405A2001389DF /* NSDataAdditions.m */ = {isa = PBXFileReference; fileEncoding = 4; lastKnownFileType = sourcecode.c.objc; path = NSDataAdditions.m; sourceTree = "<group>"; };
		B5F193511354444A00F45441 /* view_bg.jpg */ = {isa = PBXFileReference; lastKnownFileType = image.jpeg; path = view_bg.jpg; sourceTree = "<group>"; };
		B5F193621354499600F45441 /* Settings.png */ = {isa = PBXFileReference; lastKnownFileType = image.png; path = Settings.png; sourceTree = "<group>"; };
		B5F19364135449A300F45441 /* Calendar.png */ = {isa = PBXFileReference; lastKnownFileType = image.png; path = Calendar.png; sourceTree = "<group>"; };
		B5F19366135449AC00F45441 /* Contacts.png */ = {isa = PBXFileReference; lastKnownFileType = image.png; path = Contacts.png; sourceTree = "<group>"; };
		B5F19368135449E600F45441 /* Photos.png */ = {isa = PBXFileReference; lastKnownFileType = image.png; path = Photos.png; sourceTree = "<group>"; };
		B5F1936A13544AD000F45441 /* Text.png */ = {isa = PBXFileReference; lastKnownFileType = image.png; path = Text.png; sourceTree = "<group>"; };
/* End PBXFileReference section */

/* Begin PBXFrameworksBuildPhase section */
		02618A0A1331A581008D3037 /* Frameworks */ = {
			isa = PBXFrameworksBuildPhase;
			buildActionMask = 2147483647;
			files = (
				B57CD15A133C78BE00CCB81A /* SystemConfiguration.framework in Frameworks */,
				B57CD156133C787F00CCB81A /* CFNetwork.framework in Frameworks */,
				02618A181331A581008D3037 /* CoreData.framework in Frameworks */,
				02618A161331A581008D3037 /* CoreGraphics.framework in Frameworks */,
				02618A141331A581008D3037 /* Foundation.framework in Frameworks */,
				B57CD153133C785D00CCB81A /* libz.1.2.3.dylib in Frameworks */,
				02618A121331A581008D3037 /* UIKit.framework in Frameworks */,
				B57CD158133C788900CCB81A /* MobileCoreServices.framework in Frameworks */,
			);
			runOnlyForDeploymentPostprocessing = 0;
		};
		02618A321331A582008D3037 /* Frameworks */ = {
			isa = PBXFrameworksBuildPhase;
			buildActionMask = 2147483647;
			files = (
				02618A371331A582008D3037 /* UIKit.framework in Frameworks */,
				02618A381331A582008D3037 /* Foundation.framework in Frameworks */,
				02618A391331A582008D3037 /* CoreGraphics.framework in Frameworks */,
				02618A3A1331A582008D3037 /* CoreData.framework in Frameworks */,
			);
			runOnlyForDeploymentPostprocessing = 0;
		};
/* End PBXFrameworksBuildPhase section */

/* Begin PBXGroup section */
		02618A021331A581008D3037 = {
			isa = PBXGroup;
			children = (
				02618A191331A581008D3037 /* Moodle */,
				02618A3D1331A582008D3037 /* MoodleTests */,
				02618A101331A581008D3037 /* Frameworks */,
				02618A0E1331A581008D3037 /* Products */,
			);
			sourceTree = "<group>";
		};
		02618A0E1331A581008D3037 /* Products */ = {
			isa = PBXGroup;
			children = (
				02618A0D1331A581008D3037 /* Moodle.app */,
				02618A361331A582008D3037 /* MoodleTests.octest */,
			);
			name = Products;
			sourceTree = "<group>";
		};
		02618A101331A581008D3037 /* Frameworks */ = {
			isa = PBXGroup;
			children = (
				B57CD159133C78BE00CCB81A /* SystemConfiguration.framework */,
				B57CD157133C788900CCB81A /* MobileCoreServices.framework */,
				B57CD155133C787F00CCB81A /* CFNetwork.framework */,
				B57CD152133C785D00CCB81A /* libz.1.2.3.dylib */,
				02618A111331A581008D3037 /* UIKit.framework */,
				02618A131331A581008D3037 /* Foundation.framework */,
				02618A151331A581008D3037 /* CoreGraphics.framework */,
				02618A171331A581008D3037 /* CoreData.framework */,
			);
			name = Frameworks;
			sourceTree = "<group>";
		};
		02618A191331A581008D3037 /* Moodle */ = {
			isa = PBXGroup;
			children = (
				B5F193591354466000F45441 /* icons */,
				B57CD18C133C798600CCB81A /* Resources */,
				B57CD18D133C79B600CCB81A /* Images */,
				B57CD15B133C78F400CCB81A /* Classes */,
				02618A1A1331A581008D3037 /* Supporting Files */,
			);
			path = Moodle;
			sourceTree = "<group>";
		};
		02618A1A1331A581008D3037 /* Supporting Files */ = {
			isa = PBXGroup;
			children = (
				02618A251331A582008D3037 /* Moodle.xcdatamodeld */,
				02618A1B1331A581008D3037 /* Moodle-Info.plist */,
				02618A1C1331A581008D3037 /* InfoPlist.strings */,
				02618A1F1331A581008D3037 /* Moodle-Prefix.pch */,
				02618A201331A581008D3037 /* main.m */,
			);
			name = "Supporting Files";
			sourceTree = "<group>";
		};
		02618A3D1331A582008D3037 /* MoodleTests */ = {
			isa = PBXGroup;
			children = (
				02618A441331A582008D3037 /* MoodleTests.h */,
				02618A461331A582008D3037 /* MoodleTests.m */,
				02618A3E1331A582008D3037 /* Supporting Files */,
			);
			path = MoodleTests;
			sourceTree = "<group>";
		};
		02618A3E1331A582008D3037 /* Supporting Files */ = {
			isa = PBXGroup;
			children = (
				02618A3F1331A582008D3037 /* MoodleTests-Info.plist */,
				02618A401331A582008D3037 /* InfoPlist.strings */,
				02618A431331A582008D3037 /* MoodleTests-Prefix.pch */,
			);
			name = "Supporting Files";
			sourceTree = "<group>";
		};
		B57CD15B133C78F400CCB81A /* Classes */ = {
			isa = PBXGroup;
			children = (
				B57CD18E133C79D500CCB81A /* Controllers */,
				B57CD15D133C791500CCB81A /* XMLRPC */,
				B57CD15C133C790B00CCB81A /* HTTP */,
			);
			name = Classes;
			sourceTree = "<group>";
		};
		B57CD15C133C790B00CCB81A /* HTTP */ = {
			isa = PBXGroup;
			children = (
				B57CD15E133C793400CCB81A /* Reachability.h */,
				B57CD15F133C793400CCB81A /* Reachability.m */,
				B57CD160133C793400CCB81A /* ASIHTTPRequest.m */,
				B57CD161133C793400CCB81A /* ASIAuthenticationDialog.h */,
				B57CD162133C793400CCB81A /* ASIAuthenticationDialog.m */,
				B57CD163133C793400CCB81A /* ASIDataCompressor.h */,
				B57CD164133C793400CCB81A /* ASIDataCompressor.m */,
				B57CD165133C793400CCB81A /* ASIDataDecompressor.h */,
				B57CD166133C793400CCB81A /* ASIDataDecompressor.m */,
				B57CD167133C793400CCB81A /* ASIInputStream.h */,
				B57CD168133C793400CCB81A /* ASIInputStream.m */,
				B57CD169133C793400CCB81A /* ASICacheDelegate.h */,
				B57CD16A133C793400CCB81A /* ASIHTTPRequestConfig.h */,
				B57CD16B133C793400CCB81A /* ASIHTTPRequestDelegate.h */,
				B57CD16C133C793400CCB81A /* ASIProgressDelegate.h */,
				B57CD16D133C793400CCB81A /* ASIHTTPRequest.h */,
			);
			name = HTTP;
			sourceTree = "<group>";
		};
		B57CD15D133C791500CCB81A /* XMLRPC */ = {
			isa = PBXGroup;
			children = (
				B5DFA1A9135405A2001389DF /* NSDataAdditions.h */,
				B5DFA1AA135405A2001389DF /* NSDataAdditions.m */,
				B57CD174133C794200CCB81A /* XMLRPCDecoder.h */,
				B57CD175133C794200CCB81A /* XMLRPCDecoder.m */,
				B57CD176133C794200CCB81A /* XMLValueDecoder.h */,
				B57CD177133C794200CCB81A /* XMLValueDecoder.m */,
				B57CD178133C794200CCB81A /* CTidy.h */,
				B57CD179133C794200CCB81A /* CTidy.m */,
				B57CD17A133C794200CCB81A /* XMLRPCResponse.h */,
				B57CD17B133C794200CCB81A /* XMLRPCResponse.m */,
				B57CD17C133C794200CCB81A /* XMLRPCEncoder.h */,
				B57CD17D133C794200CCB81A /* XMLRPCEncoder.m */,
				B57CD17E133C794200CCB81A /* XMLRPCExtensions.h */,
				B57CD17F133C794200CCB81A /* XMLRPCExtensions.m */,
				B57CD180133C794200CCB81A /* NSString+XMLExtensions.h */,
				B57CD181133C794200CCB81A /* NSString+XMLExtensions.m */,
				B57CD182133C794200CCB81A /* XMLRPCRequest.h */,
				B57CD183133C794200CCB81A /* XMLRPCRequest.m */,
				B54EFA9F133C7CB500CE8F87 /* WSClient.h */,
				B54EFAA0133C7CB500CE8F87 /* WSClient.m */,
			);
			name = XMLRPC;
			sourceTree = "<group>";
		};
		B57CD18C133C798600CCB81A /* Resources */ = {
			isa = PBXGroup;
			children = (
				02618A281331A582008D3037 /* MainWindow.xib */,
				02A0F5DA1352AD7A00FAD4D4 /* RootViewController.xib */,
				0246A69413370B8B007BD281 /* Localizable.strings */,
				020E06D1134EAD060076B4BA /* SettingsSiteViewController.xib */,
			);
			name = Resources;
			sourceTree = "<group>";
		};
		B57CD18D133C79B600CCB81A /* Images */ = {
			isa = PBXGroup;
			children = (
				B5F193511354444A00F45441 /* view_bg.jpg */,
				026C426D134EEC2C00BBFDB1 /* redbutton.png */,
				020E06CF134EA9A20076B4BA /* iconhd.png */,
				020E06CD134EA99A0076B4BA /* icon.png */,
				020E06D3134EDD390076B4BA /* button_red.png */,
				0210918E1339ECF700CFE9F7 /* checkmark.png */,
			);
			name = Images;
			sourceTree = "<group>";
		};
		B57CD18E133C79D500CCB81A /* Controllers */ = {
			isa = PBXGroup;
			children = (
				02618A2B1331A582008D3037 /* RootViewController.h */,
				02618A2C1331A582008D3037 /* RootViewController.m */,
				02618A221331A581008D3037 /* MoodleAppDelegate.h */,
				02618A231331A581008D3037 /* MoodleAppDelegate.m */,
				0246A6791336ECBE007BD281 /* SettingsViewController.h */,
				0246A67A1336ECBE007BD281 /* SettingsViewController.m */,
				0246A6831336FA10007BD281 /* SettingsSiteViewController.h */,
				0246A6841336FA10007BD281 /* SettingsSiteViewController.m */,
				020E06C7134D9D6C0076B4BA /* Config.h */,
				02A0F5E41352B3B300FAD4D4 /* ParticipantsViewController.h */,
				02A0F5E51352B3B300FAD4D4 /* ParticipantsViewController.m */,
			);
			name = Controllers;
			sourceTree = "<group>";
		};
		B5F193591354466000F45441 /* icons */ = {
			isa = PBXGroup;
			children = (
				B5F193621354499600F45441 /* Settings.png */,
				B5F19364135449A300F45441 /* Calendar.png */,
				B5F19368135449E600F45441 /* Photos.png */,
				B5F19366135449AC00F45441 /* Contacts.png */,
				B5F1936A13544AD000F45441 /* Text.png */,
				02A0F5D61352AA4100FAD4D4 /* moon.png */,
			);
			name = icons;
			sourceTree = "<group>";
		};
/* End PBXGroup section */

/* Begin PBXNativeTarget section */
		02618A0C1331A581008D3037 /* Moodle */ = {
			isa = PBXNativeTarget;
			buildConfigurationList = 02618A4A1331A582008D3037 /* Build configuration list for PBXNativeTarget "Moodle" */;
			buildPhases = (
				02618A091331A581008D3037 /* Sources */,
				02618A0A1331A581008D3037 /* Frameworks */,
				02618A0B1331A581008D3037 /* Resources */,
			);
			buildRules = (
			);
			dependencies = (
			);
			name = Moodle;
			productName = Moodle;
			productReference = 02618A0D1331A581008D3037 /* Moodle.app */;
			productType = "com.apple.product-type.application";
		};
		02618A351331A582008D3037 /* MoodleTests */ = {
			isa = PBXNativeTarget;
			buildConfigurationList = 02618A4D1331A582008D3037 /* Build configuration list for PBXNativeTarget "MoodleTests" */;
			buildPhases = (
				02618A311331A582008D3037 /* Sources */,
				02618A321331A582008D3037 /* Frameworks */,
				02618A331331A582008D3037 /* Resources */,
				02618A341331A582008D3037 /* ShellScript */,
			);
			buildRules = (
			);
			dependencies = (
				02618A3C1331A582008D3037 /* PBXTargetDependency */,
			);
			name = MoodleTests;
			productName = MoodleTests;
			productReference = 02618A361331A582008D3037 /* MoodleTests.octest */;
			productType = "com.apple.product-type.bundle";
		};
/* End PBXNativeTarget section */

/* Begin PBXProject section */
		02618A041331A581008D3037 /* Project object */ = {
			isa = PBXProject;
			attributes = {
				ORGANIZATIONNAME = Moodle;
			};
			buildConfigurationList = 02618A071331A581008D3037 /* Build configuration list for PBXProject "Moodle" */;
			compatibilityVersion = "Xcode 3.2";
			developmentRegion = English;
			hasScannedForEncodings = 0;
			knownRegions = (
				en,
				fr,
			);
			mainGroup = 02618A021331A581008D3037;
			productRefGroup = 02618A0E1331A581008D3037 /* Products */;
			projectDirPath = "";
			projectRoot = "";
			targets = (
				02618A0C1331A581008D3037 /* Moodle */,
				02618A351331A582008D3037 /* MoodleTests */,
			);
		};
/* End PBXProject section */

/* Begin PBXResourcesBuildPhase section */
		02618A0B1331A581008D3037 /* Resources */ = {
			isa = PBXResourcesBuildPhase;
			buildActionMask = 2147483647;
			files = (
				02618A1E1331A581008D3037 /* InfoPlist.strings in Resources */,
				02618A2A1331A582008D3037 /* MainWindow.xib in Resources */,
				0246A69613370B8B007BD281 /* Localizable.strings in Resources */,
				02A0F5D81352AD7A00FAD4D4 /* RootViewController.xib in Resources */,
				0210918F1339ECF700CFE9F7 /* checkmark.png in Resources */,
				020E06CE134EA99A0076B4BA /* icon.png in Resources */,
				020E06D0134EA9A20076B4BA /* iconhd.png in Resources */,
				020E06D2134EAD060076B4BA /* SettingsSiteViewController.xib in Resources */,
				020E06D4134EDD390076B4BA /* button_red.png in Resources */,
				026C426E134EEC2C00BBFDB1 /* redbutton.png in Resources */,
				02A0F5D71352AA4200FAD4D4 /* moon.png in Resources */,
				B5F193521354444A00F45441 /* view_bg.jpg in Resources */,
				B5F193631354499600F45441 /* Settings.png in Resources */,
				B5F19365135449A300F45441 /* Calendar.png in Resources */,
				B5F19367135449AC00F45441 /* Contacts.png in Resources */,
				B5F19369135449E600F45441 /* Photos.png in Resources */,
				B5F1936B13544AD000F45441 /* Text.png in Resources */,
			);
			runOnlyForDeploymentPostprocessing = 0;
		};
		02618A331331A582008D3037 /* Resources */ = {
			isa = PBXResourcesBuildPhase;
			buildActionMask = 2147483647;
			files = (
				02618A421331A582008D3037 /* InfoPlist.strings in Resources */,
				02618A451331A582008D3037 /* MoodleTests.h in Resources */,
			);
			runOnlyForDeploymentPostprocessing = 0;
		};
/* End PBXResourcesBuildPhase section */

/* Begin PBXShellScriptBuildPhase section */
		02618A341331A582008D3037 /* ShellScript */ = {
			isa = PBXShellScriptBuildPhase;
			buildActionMask = 2147483647;
			files = (
			);
			inputPaths = (
			);
			outputPaths = (
			);
			runOnlyForDeploymentPostprocessing = 0;
			shellPath = /bin/sh;
			shellScript = "# Run the unit tests in this test bundle.\n\"${SYSTEM_DEVELOPER_DIR}/Tools/RunUnitTests\"\n";
		};
/* End PBXShellScriptBuildPhase section */

/* Begin PBXSourcesBuildPhase section */
		02618A091331A581008D3037 /* Sources */ = {
			isa = PBXSourcesBuildPhase;
			buildActionMask = 2147483647;
			files = (
				02618A211331A581008D3037 /* main.m in Sources */,
				02618A241331A581008D3037 /* MoodleAppDelegate.m in Sources */,
				02618A271331A582008D3037 /* Moodle.xcdatamodeld in Sources */,
				02618A2D1331A582008D3037 /* RootViewController.m in Sources */,
				0246A67B1336ECBE007BD281 /* SettingsViewController.m in Sources */,
				0246A6851336FA11007BD281 /* SettingsSiteViewController.m in Sources */,
				B57CD16E133C793400CCB81A /* Reachability.m in Sources */,
				B57CD16F133C793400CCB81A /* ASIHTTPRequest.m in Sources */,
				B57CD170133C793400CCB81A /* ASIAuthenticationDialog.m in Sources */,
				B57CD171133C793400CCB81A /* ASIDataCompressor.m in Sources */,
				B57CD172133C793400CCB81A /* ASIDataDecompressor.m in Sources */,
				B57CD173133C793400CCB81A /* ASIInputStream.m in Sources */,
				B57CD184133C794200CCB81A /* XMLRPCDecoder.m in Sources */,
				B57CD185133C794200CCB81A /* XMLValueDecoder.m in Sources */,
				B57CD186133C794200CCB81A /* CTidy.m in Sources */,
				B57CD187133C794200CCB81A /* XMLRPCResponse.m in Sources */,
				B57CD188133C794200CCB81A /* XMLRPCEncoder.m in Sources */,
				B57CD189133C794200CCB81A /* XMLRPCExtensions.m in Sources */,
				B57CD18A133C794200CCB81A /* NSString+XMLExtensions.m in Sources */,
				B57CD18B133C794200CCB81A /* XMLRPCRequest.m in Sources */,
				B54EFAA1133C7CB500CE8F87 /* WSClient.m in Sources */,
				02A0F5E61352B3B300FAD4D4 /* ParticipantsViewController.m in Sources */,
				B5DFA1AB135405A2001389DF /* NSDataAdditions.m in Sources */,
			);
			runOnlyForDeploymentPostprocessing = 0;
		};
		02618A311331A582008D3037 /* Sources */ = {
			isa = PBXSourcesBuildPhase;
			buildActionMask = 2147483647;
			files = (
				02618A471331A582008D3037 /* MoodleTests.m in Sources */,
			);
			runOnlyForDeploymentPostprocessing = 0;
		};
/* End PBXSourcesBuildPhase section */

/* Begin PBXTargetDependency section */
		02618A3C1331A582008D3037 /* PBXTargetDependency */ = {
			isa = PBXTargetDependency;
			target = 02618A0C1331A581008D3037 /* Moodle */;
			targetProxy = 02618A3B1331A582008D3037 /* PBXContainerItemProxy */;
		};
/* End PBXTargetDependency section */

/* Begin PBXVariantGroup section */
		0246A69413370B8B007BD281 /* Localizable.strings */ = {
			isa = PBXVariantGroup;
			children = (
				0246A69513370B8B007BD281 /* en */,
				0246A69713370B96007BD281 /* fr */,
			);
			name = Localizable.strings;
			sourceTree = "<group>";
		};
		02618A1C1331A581008D3037 /* InfoPlist.strings */ = {
			isa = PBXVariantGroup;
			children = (
				02618A1D1331A581008D3037 /* en */,
			);
			name = InfoPlist.strings;
			sourceTree = "<group>";
		};
		02618A281331A582008D3037 /* MainWindow.xib */ = {
			isa = PBXVariantGroup;
			children = (
				02618A291331A582008D3037 /* en */,
			);
			name = MainWindow.xib;
			sourceTree = "<group>";
		};
		02618A401331A582008D3037 /* InfoPlist.strings */ = {
			isa = PBXVariantGroup;
			children = (
				02618A411331A582008D3037 /* en */,
			);
			name = InfoPlist.strings;
			sourceTree = "<group>";
		};
		02A0F5DA1352AD7A00FAD4D4 /* RootViewController.xib */ = {
			isa = PBXVariantGroup;
			children = (
				02A0F5D91352AD7A00FAD4D4 /* en */,
				02A0F5DB1352AD9900FAD4D4 /* fr */,
			);
			name = RootViewController.xib;
			sourceTree = "<group>";
		};
/* End PBXVariantGroup section */

/* Begin XCBuildConfiguration section */
		02618A481331A582008D3037 /* Debug */ = {
			isa = XCBuildConfiguration;
			buildSettings = {
				ARCHS = "$(ARCHS_STANDARD_32_BIT)";
				"CODE_SIGN_IDENTITY[sdk=iphoneos*]" = "iPhone Developer";
				GCC_C_LANGUAGE_STANDARD = gnu99;
				GCC_OPTIMIZATION_LEVEL = 0;
				GCC_PREPROCESSOR_DEFINITIONS = DEBUG;
				GCC_SYMBOLS_PRIVATE_EXTERN = NO;
				GCC_VERSION = com.apple.compilers.llvmgcc42;
				GCC_WARN_ABOUT_RETURN_TYPE = YES;
				GCC_WARN_UNUSED_VARIABLE = YES;
				IPHONEOS_DEPLOYMENT_TARGET = 4.0;
				SDKROOT = iphoneos;
			};
			name = Debug;
		};
		02618A491331A582008D3037 /* Release */ = {
			isa = XCBuildConfiguration;
			buildSettings = {
				ARCHS = "$(ARCHS_STANDARD_32_BIT)";
				"CODE_SIGN_IDENTITY[sdk=iphoneos*]" = "iPhone Developer";
				GCC_C_LANGUAGE_STANDARD = gnu99;
				GCC_VERSION = com.apple.compilers.llvmgcc42;
				GCC_WARN_ABOUT_RETURN_TYPE = YES;
				GCC_WARN_UNUSED_VARIABLE = YES;
				IPHONEOS_DEPLOYMENT_TARGET = 4.0;
				OTHER_CFLAGS = "-DNS_BLOCK_ASSERTIONS=1";
				SDKROOT = iphoneos;
			};
			name = Release;
		};
		02618A4B1331A582008D3037 /* Debug */ = {
			isa = XCBuildConfiguration;
			buildSettings = {
				ALWAYS_SEARCH_USER_PATHS = NO;
				COPY_PHASE_STRIP = NO;
				GCC_DYNAMIC_NO_PIC = NO;
				GCC_PRECOMPILE_PREFIX_HEADER = YES;
				GCC_PREFIX_HEADER = "Moodle/Moodle-Prefix.pch";
				INFOPLIST_FILE = "Moodle/Moodle-Info.plist";
				IPHONEOS_DEPLOYMENT_TARGET = 4.0;
				PRODUCT_NAME = "$(TARGET_NAME)";
				WRAPPER_EXTENSION = app;
			};
			name = Debug;
		};
		02618A4C1331A582008D3037 /* Release */ = {
			isa = XCBuildConfiguration;
			buildSettings = {
				ALWAYS_SEARCH_USER_PATHS = NO;
				COPY_PHASE_STRIP = YES;
				GCC_PRECOMPILE_PREFIX_HEADER = YES;
				GCC_PREFIX_HEADER = "Moodle/Moodle-Prefix.pch";
				INFOPLIST_FILE = "Moodle/Moodle-Info.plist";
				IPHONEOS_DEPLOYMENT_TARGET = 4.0;
				PRODUCT_NAME = "$(TARGET_NAME)";
				VALIDATE_PRODUCT = YES;
				WRAPPER_EXTENSION = app;
			};
			name = Release;
		};
		02618A4E1331A582008D3037 /* Debug */ = {
			isa = XCBuildConfiguration;
			buildSettings = {
				ALWAYS_SEARCH_USER_PATHS = NO;
				BUNDLE_LOADER = "$(BUILT_PRODUCTS_DIR)/Moodle.app/Moodle";
				FRAMEWORK_SEARCH_PATHS = (
					"$(SDKROOT)/Developer/Library/Frameworks",
					"$(DEVELOPER_LIBRARY_DIR)/Frameworks",
				);
				GCC_PRECOMPILE_PREFIX_HEADER = YES;
				GCC_PREFIX_HEADER = "MoodleTests/MoodleTests-Prefix.pch";
				INFOPLIST_FILE = "MoodleTests/MoodleTests-Info.plist";
				OTHER_LDFLAGS = (
					"-framework",
					SenTestingKit,
				);
				PRODUCT_NAME = "$(TARGET_NAME)";
				TEST_HOST = "$(BUNDLE_LOADER)";
				WRAPPER_EXTENSION = octest;
			};
			name = Debug;
		};
		02618A4F1331A582008D3037 /* Release */ = {
			isa = XCBuildConfiguration;
			buildSettings = {
				ALWAYS_SEARCH_USER_PATHS = NO;
				BUNDLE_LOADER = "$(BUILT_PRODUCTS_DIR)/Moodle.app/Moodle";
				FRAMEWORK_SEARCH_PATHS = (
					"$(SDKROOT)/Developer/Library/Frameworks",
					"$(DEVELOPER_LIBRARY_DIR)/Frameworks",
				);
				GCC_PRECOMPILE_PREFIX_HEADER = YES;
				GCC_PREFIX_HEADER = "MoodleTests/MoodleTests-Prefix.pch";
				INFOPLIST_FILE = "MoodleTests/MoodleTests-Info.plist";
				OTHER_LDFLAGS = (
					"-framework",
					SenTestingKit,
				);
				PRODUCT_NAME = "$(TARGET_NAME)";
				TEST_HOST = "$(BUNDLE_LOADER)";
				WRAPPER_EXTENSION = octest;
			};
			name = Release;
		};
/* End XCBuildConfiguration section */

/* Begin XCConfigurationList section */
		02618A071331A581008D3037 /* Build configuration list for PBXProject "Moodle" */ = {
			isa = XCConfigurationList;
			buildConfigurations = (
				02618A481331A582008D3037 /* Debug */,
				02618A491331A582008D3037 /* Release */,
			);
			defaultConfigurationIsVisible = 0;
			defaultConfigurationName = Release;
		};
		02618A4A1331A582008D3037 /* Build configuration list for PBXNativeTarget "Moodle" */ = {
			isa = XCConfigurationList;
			buildConfigurations = (
				02618A4B1331A582008D3037 /* Debug */,
				02618A4C1331A582008D3037 /* Release */,
			);
			defaultConfigurationIsVisible = 0;
			defaultConfigurationName = Release;
		};
		02618A4D1331A582008D3037 /* Build configuration list for PBXNativeTarget "MoodleTests" */ = {
			isa = XCConfigurationList;
			buildConfigurations = (
				02618A4E1331A582008D3037 /* Debug */,
				02618A4F1331A582008D3037 /* Release */,
			);
			defaultConfigurationIsVisible = 0;
			defaultConfigurationName = Release;
		};
/* End XCConfigurationList section */

/* Begin XCVersionGroup section */
		02618A251331A582008D3037 /* Moodle.xcdatamodeld */ = {
			isa = XCVersionGroup;
			children = (
				02618A261331A582008D3037 /* Moodle.xcdatamodel */,
			);
			currentVersion = 02618A261331A582008D3037 /* Moodle.xcdatamodel */;
			path = Moodle.xcdatamodeld;
			sourceTree = "<group>";
			versionGroupType = wrapper.xcdatamodel;
		};
/* End XCVersionGroup section */
	};
	rootObject = 02618A041331A581008D3037 /* Project object */;
}
